// !$*UTF8*$!
{
	archiveVersion = 1;
	classes = {
	};
	objectVersion = 46;
	objects = {

/* Begin PBXBuildFile section */
		1FE6CB6212BB8A88B1A30320 /* ofxCvContourFinder.cpp in Sources */ = {isa = PBXBuildFile; fileRef = 19A13FE661F8566FF44FAB17 /* ofxCvContourFinder.cpp */; };
		2F9F5E826969D3A20EDEABCA /* ofxCvGrayscaleImage.cpp in Sources */ = {isa = PBXBuildFile; fileRef = FC2EA0CA278E13B168876B21 /* ofxCvGrayscaleImage.cpp */; };
		4C24C62E7721045B9C8ADB26 /* ofxCvImage.cpp in Sources */ = {isa = PBXBuildFile; fileRef = EB2F0AE0E2930CAAE5F0A6FF /* ofxCvImage.cpp */; };
		7211D601E80E601F4C3918D2 /* ofxCvFloatImage.cpp in Sources */ = {isa = PBXBuildFile; fileRef = 5EEC312D45C1E991681D0D8F /* ofxCvFloatImage.cpp */; };
		92CEF03E3752C20089FF10AB /* ofxCvColorImage.cpp in Sources */ = {isa = PBXBuildFile; fileRef = 1EC62FBFA55C4818DADAFB96 /* ofxCvColorImage.cpp */; };
		AFD111F61E3C0B7E00B3A840 /* BlobTracker.cpp in Sources */ = {isa = PBXBuildFile; fileRef = AFD111F51E3C0B7E00B3A840 /* BlobTracker.cpp */; };
		B03C6563126B263C0D8A2876 /* ofxCvShortImage.cpp in Sources */ = {isa = PBXBuildFile; fileRef = 56CEC5EC6DE8DD19406CE05B /* ofxCvShortImage.cpp */; };
		C589C5360D72C7B0EF189599 /* ofxCvHaarFinder.cpp in Sources */ = {isa = PBXBuildFile; fileRef = 87EEEA9FE89F918D5F84EF9B /* ofxCvHaarFinder.cpp */; };
		E4328149138ABC9F0047C5CB /* openFrameworksDebug.a in Frameworks */ = {isa = PBXBuildFile; fileRef = E4328148138ABC890047C5CB /* openFrameworksDebug.a */; };
		E4B69E200A3A1BDC003C02F2 /* main.cpp in Sources */ = {isa = PBXBuildFile; fileRef = E4B69E1D0A3A1BDC003C02F2 /* main.cpp */; };
		E4B69E210A3A1BDC003C02F2 /* ofApp.cpp in Sources */ = {isa = PBXBuildFile; fileRef = E4B69E1E0A3A1BDC003C02F2 /* ofApp.cpp */; };
/* End PBXBuildFile section */

/* Begin PBXContainerItemProxy section */
		E4328147138ABC890047C5CB /* PBXContainerItemProxy */ = {
			isa = PBXContainerItemProxy;
			containerPortal = E4328143138ABC890047C5CB /* openFrameworksLib.xcodeproj */;
			proxyType = 2;
			remoteGlobalIDString = E4B27C1510CBEB8E00536013;
			remoteInfo = openFrameworks;
		};
		E4EEB9AB138B136A00A80321 /* PBXContainerItemProxy */ = {
			isa = PBXContainerItemProxy;
			containerPortal = E4328143138ABC890047C5CB /* openFrameworksLib.xcodeproj */;
			proxyType = 1;
			remoteGlobalIDString = E4B27C1410CBEB8E00536013;
			remoteInfo = openFrameworks;
		};
/* End PBXContainerItemProxy section */

/* Begin PBXCopyFilesBuildPhase section */
		E4C2427710CC5ABF004149E2 /* CopyFiles */ = {
			isa = PBXCopyFilesBuildPhase;
			buildActionMask = 2147483647;
			dstPath = "";
			dstSubfolderSpec = 10;
			files = (
			);
			runOnlyForDeploymentPostprocessing = 0;
		};
/* End PBXCopyFilesBuildPhase section */

/* Begin PBXFileReference section */
		0251CD5AA99E9956286C7DFD /* highgui.h */ = {isa = PBXFileReference; explicitFileType = sourcecode.c.h; fileEncoding = 30; name = highgui.h; path = ../../of_v0.9.8_osx_release/addons/ofxOpenCv/libs/opencv/include/opencv/highgui.h; sourceTree = SOURCE_ROOT; };
		02A2482514173F637348C651 /* ml.h */ = {isa = PBXFileReference; explicitFileType = sourcecode.c.h; fileEncoding = 30; name = ml.h; path = ../../of_v0.9.8_osx_release/addons/ofxOpenCv/libs/opencv/include/opencv/ml.h; sourceTree = SOURCE_ROOT; };
		0458B7F00C1DF3AEE7436346 /* features2d.hpp */ = {isa = PBXFileReference; explicitFileType = sourcecode.c.h; fileEncoding = 30; name = features2d.hpp; path = ../../of_v0.9.8_osx_release/addons/ofxOpenCv/libs/opencv/include/opencv2/features2d/features2d.hpp; sourceTree = SOURCE_ROOT; };
		047304E3DE218E33022A6F01 /* cxcore.h */ = {isa = PBXFileReference; explicitFileType = sourcecode.c.h; fileEncoding = 30; name = cxcore.h; path = ../../of_v0.9.8_osx_release/addons/ofxOpenCv/libs/opencv/include/opencv/cxcore.h; sourceTree = SOURCE_ROOT; };
		07783D908116475095F29CEA /* motion_stabilizing.hpp */ = {isa = PBXFileReference; explicitFileType = sourcecode.c.h; fileEncoding = 30; name = motion_stabilizing.hpp; path = ../../of_v0.9.8_osx_release/addons/ofxOpenCv/libs/opencv/include/opencv2/videostab/motion_stabilizing.hpp; sourceTree = SOURCE_ROOT; };
		08A6FCC72AE412391D05983A /* internal.hpp */ = {isa = PBXFileReference; explicitFileType = sourcecode.c.h; fileEncoding = 30; name = internal.hpp; path = ../../of_v0.9.8_osx_release/addons/ofxOpenCv/libs/opencv/include/opencv2/core/internal.hpp; sourceTree = SOURCE_ROOT; };
		096B18D724F4073046AFD426 /* dynamic_bitset.h */ = {isa = PBXFileReference; explicitFileType = sourcecode.c.h; fileEncoding = 30; name = dynamic_bitset.h; path = ../../of_v0.9.8_osx_release/addons/ofxOpenCv/libs/opencv/include/opencv2/flann/dynamic_bitset.h; sourceTree = SOURCE_ROOT; };
		0C9DF24B79DF5D620CA19EA6 /* block.hpp */ = {isa = PBXFileReference; explicitFileType = sourcecode.c.h; fileEncoding = 30; name = block.hpp; path = ../../of_v0.9.8_osx_release/addons/ofxOpenCv/libs/opencv/include/opencv2/gpu/device/block.hpp; sourceTree = SOURCE_ROOT; };
		0CC8C9EDC363C9DF94B54050 /* wimage.hpp */ = {isa = PBXFileReference; explicitFileType = sourcecode.c.h; fileEncoding = 30; name = wimage.hpp; path = ../../of_v0.9.8_osx_release/addons/ofxOpenCv/libs/opencv/include/opencv2/core/wimage.hpp; sourceTree = SOURCE_ROOT; };
		0CFD40052224B877BAB428E1 /* core.hpp */ = {isa = PBXFileReference; explicitFileType = sourcecode.c.h; fileEncoding = 30; name = core.hpp; path = ../../of_v0.9.8_osx_release/addons/ofxOpenCv/libs/opencv/include/opencv2/core/core.hpp; sourceTree = SOURCE_ROOT; };
		1010B3051C3E6F7D0854BBF8 /* tracking.hpp */ = {isa = PBXFileReference; explicitFileType = sourcecode.c.h; fileEncoding = 30; name = tracking.hpp; path = ../../of_v0.9.8_osx_release/addons/ofxOpenCv/libs/opencv/include/opencv2/video/tracking.hpp; sourceTree = SOURCE_ROOT; };
		107A660D5924B6B7D9DC74F3 /* matrix.h */ = {isa = PBXFileReference; explicitFileType = sourcecode.c.h; fileEncoding = 30; name = matrix.h; path = ../../of_v0.9.8_osx_release/addons/ofxOpenCv/libs/opencv/include/opencv2/flann/matrix.h; sourceTree = SOURCE_ROOT; };
		13125B70A18045DDE470422B /* imgproc.hpp */ = {isa = PBXFileReference; explicitFileType = sourcecode.c.h; fileEncoding = 30; name = imgproc.hpp; path = ../../of_v0.9.8_osx_release/addons/ofxOpenCv/libs/opencv/include/opencv2/imgproc/imgproc.hpp; sourceTree = SOURCE_ROOT; };
		169CFC8FB8B914642BC27DA1 /* miniflann.hpp */ = {isa = PBXFileReference; explicitFileType = sourcecode.c.h; fileEncoding = 30; name = miniflann.hpp; path = ../../of_v0.9.8_osx_release/addons/ofxOpenCv/libs/opencv/include/opencv2/flann/miniflann.hpp; sourceTree = SOURCE_ROOT; };
		19A13FE661F8566FF44FAB17 /* ofxCvContourFinder.cpp */ = {isa = PBXFileReference; explicitFileType = sourcecode.cpp.cpp; fileEncoding = 30; name = ofxCvContourFinder.cpp; path = ../../of_v0.9.8_osx_release/addons/ofxOpenCv/src/ofxCvContourFinder.cpp; sourceTree = SOURCE_ROOT; };
		1E26153F7DCD684825EB1E20 /* camera.hpp */ = {isa = PBXFileReference; explicitFileType = sourcecode.c.h; fileEncoding = 30; name = camera.hpp; path = ../../of_v0.9.8_osx_release/addons/ofxOpenCv/libs/opencv/include/opencv2/stitching/detail/camera.hpp; sourceTree = SOURCE_ROOT; };
		1EADCD758049EC4C487F04E9 /* optical_flow.hpp */ = {isa = PBXFileReference; explicitFileType = sourcecode.c.h; fileEncoding = 30; name = optical_flow.hpp; path = ../../of_v0.9.8_osx_release/addons/ofxOpenCv/libs/opencv/include/opencv2/videostab/optical_flow.hpp; sourceTree = SOURCE_ROOT; };
		1EC62FBFA55C4818DADAFB96 /* ofxCvColorImage.cpp */ = {isa = PBXFileReference; explicitFileType = sourcecode.cpp.cpp; fileEncoding = 30; name = ofxCvColorImage.cpp; path = ../../of_v0.9.8_osx_release/addons/ofxOpenCv/src/ofxCvColorImage.cpp; sourceTree = SOURCE_ROOT; };
		1FF8A39C53CF36C562C5ED93 /* hybridtracker.hpp */ = {isa = PBXFileReference; explicitFileType = sourcecode.c.h; fileEncoding = 30; name = hybridtracker.hpp; path = ../../of_v0.9.8_osx_release/addons/ofxOpenCv/libs/opencv/include/opencv2/contrib/hybridtracker.hpp; sourceTree = SOURCE_ROOT; };
		217371968C835C21164FD6C8 /* gpu_test.hpp */ = {isa = PBXFileReference; explicitFileType = sourcecode.c.h; fileEncoding = 30; name = gpu_test.hpp; path = ../../of_v0.9.8_osx_release/addons/ofxOpenCv/libs/opencv/include/opencv2/ts/gpu_test.hpp; sourceTree = SOURCE_ROOT; };
		227416ABC7FF5A2DB6DFE386 /* types_c.h */ = {isa = PBXFileReference; explicitFileType = sourcecode.c.h; fileEncoding = 30; name = types_c.h; path = ../../of_v0.9.8_osx_release/addons/ofxOpenCv/libs/opencv/include/opencv2/core/types_c.h; sourceTree = SOURCE_ROOT; };
		23F4E6219B6DE08639927FCE /* frame_source.hpp */ = {isa = PBXFileReference; explicitFileType = sourcecode.c.h; fileEncoding = 30; name = frame_source.hpp; path = ../../of_v0.9.8_osx_release/addons/ofxOpenCv/libs/opencv/include/opencv2/videostab/frame_source.hpp; sourceTree = SOURCE_ROOT; };
		268E23D1DD4B090BC5256C8F /* global_motion.hpp */ = {isa = PBXFileReference; explicitFileType = sourcecode.c.h; fileEncoding = 30; name = global_motion.hpp; path = ../../of_v0.9.8_osx_release/addons/ofxOpenCv/libs/opencv/include/opencv2/videostab/global_motion.hpp; sourceTree = SOURCE_ROOT; };
		27EE1678D1D20E8349E06691 /* kmeans_index.h */ = {isa = PBXFileReference; explicitFileType = sourcecode.c.h; fileEncoding = 30; name = kmeans_index.h; path = ../../of_v0.9.8_osx_release/addons/ofxOpenCv/libs/opencv/include/opencv2/flann/kmeans_index.h; sourceTree = SOURCE_ROOT; };
		2813C049CA25FA21112D1D8D /* warpers_inl.hpp */ = {isa = PBXFileReference; explicitFileType = sourcecode.c.h; fileEncoding = 30; name = warpers_inl.hpp; path = ../../of_v0.9.8_osx_release/addons/ofxOpenCv/libs/opencv/include/opencv2/stitching/detail/warpers_inl.hpp; sourceTree = SOURCE_ROOT; };
		2912AF8AF776071599B25033 /* composite_index.h */ = {isa = PBXFileReference; explicitFileType = sourcecode.c.h; fileEncoding = 30; name = composite_index.h; path = ../../of_v0.9.8_osx_release/addons/ofxOpenCv/libs/opencv/include/opencv2/flann/composite_index.h; sourceTree = SOURCE_ROOT; };
		29E549E13315EFFAAB1BB1B8 /* index_testing.h */ = {isa = PBXFileReference; explicitFileType = sourcecode.c.h; fileEncoding = 30; name = index_testing.h; path = ../../of_v0.9.8_osx_release/addons/ofxOpenCv/libs/opencv/include/opencv2/flann/index_testing.h; sourceTree = SOURCE_ROOT; };
		2CE74E38D7D56DF6749611F9 /* saving.h */ = {isa = PBXFileReference; explicitFileType = sourcecode.c.h; fileEncoding = 30; name = saving.h; path = ../../of_v0.9.8_osx_release/addons/ofxOpenCv/libs/opencv/include/opencv2/flann/saving.h; sourceTree = SOURCE_ROOT; };
		3073BD87F0B0C88839E15D9B /* gpumat.hpp */ = {isa = PBXFileReference; explicitFileType = sourcecode.c.h; fileEncoding = 30; name = gpumat.hpp; path = ../../of_v0.9.8_osx_release/addons/ofxOpenCv/libs/opencv/include/opencv2/gpu/gpumat.hpp; sourceTree = SOURCE_ROOT; };
		31EAB7D149F4BAD7565DB55E /* config.h */ = {isa = PBXFileReference; explicitFileType = sourcecode.c.h; fileEncoding = 30; name = config.h; path = ../../of_v0.9.8_osx_release/addons/ofxOpenCv/libs/opencv/include/opencv2/flann/config.h; sourceTree = SOURCE_ROOT; };
		321F72F1F41631F3724B2CC2 /* hierarchical_clustering_index.h */ = {isa = PBXFileReference; explicitFileType = sourcecode.c.h; fileEncoding = 30; name = hierarchical_clustering_index.h; path = ../../of_v0.9.8_osx_release/addons/ofxOpenCv/libs/opencv/include/opencv2/flann/hierarchical_clustering_index.h; sourceTree = SOURCE_ROOT; };
		337D2F610D34AE0774BF8636 /* retina.hpp */ = {isa = PBXFileReference; explicitFileType = sourcecode.c.h; fileEncoding = 30; name = retina.hpp; path = ../../of_v0.9.8_osx_release/addons/ofxOpenCv/libs/opencv/include/opencv2/contrib/retina.hpp; sourceTree = SOURCE_ROOT; };
		33CA4523EF8D58AFC036B98F /* compat.hpp */ = {isa = PBXFileReference; explicitFileType = sourcecode.c.h; fileEncoding = 30; name = compat.hpp; path = ../../of_v0.9.8_osx_release/addons/ofxOpenCv/libs/opencv/include/opencv2/legacy/compat.hpp; sourceTree = SOURCE_ROOT; };
		34A64868096B9DA852BD0749 /* objdetect.hpp */ = {isa = PBXFileReference; explicitFileType = sourcecode.c.h; fileEncoding = 30; name = objdetect.hpp; path = ../../of_v0.9.8_osx_release/addons/ofxOpenCv/libs/opencv/include/opencv2/objdetect/objdetect.hpp; sourceTree = SOURCE_ROOT; };
		3502E2944770EA8151AC45F4 /* hdf5.h */ = {isa = PBXFileReference; explicitFileType = sourcecode.c.h; fileEncoding = 30; name = hdf5.h; path = ../../of_v0.9.8_osx_release/addons/ofxOpenCv/libs/opencv/include/opencv2/flann/hdf5.h; sourceTree = SOURCE_ROOT; };
		378CFA9C19980F8F33B02159 /* devmem2d.hpp */ = {isa = PBXFileReference; explicitFileType = sourcecode.c.h; fileEncoding = 30; name = devmem2d.hpp; path = ../../of_v0.9.8_osx_release/addons/ofxOpenCv/libs/opencv/include/opencv2/gpu/devmem2d.hpp; sourceTree = SOURCE_ROOT; };
		39003A33F05C6A50EB836F24 /* imgproc_c.h */ = {isa = PBXFileReference; explicitFileType = sourcecode.c.h; fileEncoding = 30; name = imgproc_c.h; path = ../../of_v0.9.8_osx_release/addons/ofxOpenCv/libs/opencv/include/opencv2/imgproc/imgproc_c.h; sourceTree = SOURCE_ROOT; };
		3936621EA91305DA43E45D6F /* autocalib.hpp */ = {isa = PBXFileReference; explicitFileType = sourcecode.c.h; fileEncoding = 30; name = autocalib.hpp; path = ../../of_v0.9.8_osx_release/addons/ofxOpenCv/libs/opencv/include/opencv2/stitching/detail/autocalib.hpp; sourceTree = SOURCE_ROOT; };
		3DF7347E917FC50340AA4DBE /* ofxCvConstants.h */ = {isa = PBXFileReference; explicitFileType = sourcecode.c.h; fileEncoding = 30; name = ofxCvConstants.h; path = ../../of_v0.9.8_osx_release/addons/ofxOpenCv/src/ofxCvConstants.h; sourceTree = SOURCE_ROOT; };
		422F0EBBE6342C26C6AB25E7 /* stabilizer.hpp */ = {isa = PBXFileReference; explicitFileType = sourcecode.c.h; fileEncoding = 30; name = stabilizer.hpp; path = ../../of_v0.9.8_osx_release/addons/ofxOpenCv/libs/opencv/include/opencv2/videostab/stabilizer.hpp; sourceTree = SOURCE_ROOT; };
		4288D5655CFD69041024E41B /* contrib.hpp */ = {isa = PBXFileReference; explicitFileType = sourcecode.c.h; fileEncoding = 30; name = contrib.hpp; path = ../../of_v0.9.8_osx_release/addons/ofxOpenCv/libs/opencv/include/opencv2/contrib/contrib.hpp; sourceTree = SOURCE_ROOT; };
		47175D082DC5970F4883C68E /* cuda_devptrs.hpp */ = {isa = PBXFileReference; explicitFileType = sourcecode.c.h; fileEncoding = 30; name = cuda_devptrs.hpp; path = ../../of_v0.9.8_osx_release/addons/ofxOpenCv/libs/opencv/include/opencv2/core/cuda_devptrs.hpp; sourceTree = SOURCE_ROOT; };
		474F8412C93AA69A9AC25D7F /* linear_index.h */ = {isa = PBXFileReference; explicitFileType = sourcecode.c.h; fileEncoding = 30; name = linear_index.h; path = ../../of_v0.9.8_osx_release/addons/ofxOpenCv/libs/opencv/include/opencv2/flann/linear_index.h; sourceTree = SOURCE_ROOT; };
		488BD744F12598078ECD7211 /* cv.h */ = {isa = PBXFileReference; explicitFileType = sourcecode.c.h; fileEncoding = 30; name = cv.h; path = ../../of_v0.9.8_osx_release/addons/ofxOpenCv/libs/opencv/include/opencv/cv.h; sourceTree = SOURCE_ROOT; };
		4A54EBCA88EC01A536C6BB09 /* legacy.hpp */ = {isa = PBXFileReference; explicitFileType = sourcecode.c.h; fileEncoding = 30; name = legacy.hpp; path = ../../of_v0.9.8_osx_release/addons/ofxOpenCv/libs/opencv/include/opencv2/legacy/legacy.hpp; sourceTree = SOURCE_ROOT; };
		4D420FD1A7018BA27BD9E3B5 /* result_set.h */ = {isa = PBXFileReference; explicitFileType = sourcecode.c.h; fileEncoding = 30; name = result_set.h; path = ../../of_v0.9.8_osx_release/addons/ofxOpenCv/libs/opencv/include/opencv2/flann/result_set.h; sourceTree = SOURCE_ROOT; };
		4DE65C8E6A42AAFFF22FC5EE /* highgui.hpp */ = {isa = PBXFileReference; explicitFileType = sourcecode.c.h; fileEncoding = 30; name = highgui.hpp; path = ../../of_v0.9.8_osx_release/addons/ofxOpenCv/libs/opencv/include/opencv2/highgui/highgui.hpp; sourceTree = SOURCE_ROOT; };
		4E499DF04A770A1F182B7C61 /* detection_based_tracker.hpp */ = {isa = PBXFileReference; explicitFileType = sourcecode.c.h; fileEncoding = 30; name = detection_based_tracker.hpp; path = ../../of_v0.9.8_osx_release/addons/ofxOpenCv/libs/opencv/include/opencv2/contrib/detection_based_tracker.hpp; sourceTree = SOURCE_ROOT; };
		4E717DDEC4B268B4AEC43A65 /* ios.h */ = {isa = PBXFileReference; explicitFileType = sourcecode.c.h; fileEncoding = 30; name = ios.h; path = ../../of_v0.9.8_osx_release/addons/ofxOpenCv/libs/opencv/include/opencv2/highgui/ios.h; sourceTree = SOURCE_ROOT; };
		53653F0C1540D6A5CAA12384 /* functional.hpp */ = {isa = PBXFileReference; explicitFileType = sourcecode.c.h; fileEncoding = 30; name = functional.hpp; path = ../../of_v0.9.8_osx_release/addons/ofxOpenCv/libs/opencv/include/opencv2/gpu/device/functional.hpp; sourceTree = SOURCE_ROOT; };
		56CEC5EC6DE8DD19406CE05B /* ofxCvShortImage.cpp */ = {isa = PBXFileReference; explicitFileType = sourcecode.cpp.cpp; fileEncoding = 30; name = ofxCvShortImage.cpp; path = ../../of_v0.9.8_osx_release/addons/ofxOpenCv/src/ofxCvShortImage.cpp; sourceTree = SOURCE_ROOT; };
		57F013843EA6ED5FD6541C5A /* color.hpp */ = {isa = PBXFileReference; explicitFileType = sourcecode.c.h; fileEncoding = 30; name = color.hpp; path = ../../of_v0.9.8_osx_release/addons/ofxOpenCv/libs/opencv/include/opencv2/gpu/device/color.hpp; sourceTree = SOURCE_ROOT; };
		58A426CF503B4D7BA4088722 /* common.hpp */ = {isa = PBXFileReference; explicitFileType = sourcecode.c.h; fileEncoding = 30; name = common.hpp; path = ../../of_v0.9.8_osx_release/addons/ofxOpenCv/libs/opencv/include/opencv2/gpu/device/common.hpp; sourceTree = SOURCE_ROOT; };
		5B807882D98C0D07CCA96F0D /* general.h */ = {isa = PBXFileReference; explicitFileType = sourcecode.c.h; fileEncoding = 30; name = general.h; path = ../../of_v0.9.8_osx_release/addons/ofxOpenCv/libs/opencv/include/opencv2/flann/general.h; sourceTree = SOURCE_ROOT; };
		5D733CBC49E2563A7BA3DDB2 /* blobtrack.hpp */ = {isa = PBXFileReference; explicitFileType = sourcecode.c.h; fileEncoding = 30; name = blobtrack.hpp; path = ../../of_v0.9.8_osx_release/addons/ofxOpenCv/libs/opencv/include/opencv2/legacy/blobtrack.hpp; sourceTree = SOURCE_ROOT; };
		5D8C7CA7F0DD448D89C0E22C /* ofxCvHaarFinder.h */ = {isa = PBXFileReference; explicitFileType = sourcecode.c.h; fileEncoding = 30; name = ofxCvHaarFinder.h; path = ../../of_v0.9.8_osx_release/addons/ofxOpenCv/src/ofxCvHaarFinder.h; sourceTree = SOURCE_ROOT; };
		5EEC312D45C1E991681D0D8F /* ofxCvFloatImage.cpp */ = {isa = PBXFileReference; explicitFileType = sourcecode.cpp.cpp; fileEncoding = 30; name = ofxCvFloatImage.cpp; path = ../../of_v0.9.8_osx_release/addons/ofxOpenCv/src/ofxCvFloatImage.cpp; sourceTree = SOURCE_ROOT; };
		5EF9D83AA793A77BA6D209A7 /* ofxCvGrayscaleImage.h */ = {isa = PBXFileReference; explicitFileType = sourcecode.c.h; fileEncoding = 30; name = ofxCvGrayscaleImage.h; path = ../../of_v0.9.8_osx_release/addons/ofxOpenCv/src/ofxCvGrayscaleImage.h; sourceTree = SOURCE_ROOT; };
		5EFA30630A3C099D5CEE5326 /* saturate_cast.hpp */ = {isa = PBXFileReference; explicitFileType = sourcecode.c.h; fileEncoding = 30; name = saturate_cast.hpp; path = ../../of_v0.9.8_osx_release/addons/ofxOpenCv/libs/opencv/include/opencv2/gpu/device/saturate_cast.hpp; sourceTree = SOURCE_ROOT; };
		604324A2619560CA2B6273B5 /* lsh_table.h */ = {isa = PBXFileReference; explicitFileType = sourcecode.c.h; fileEncoding = 30; name = lsh_table.h; path = ../../of_v0.9.8_osx_release/addons/ofxOpenCv/libs/opencv/include/opencv2/flann/lsh_table.h; sourceTree = SOURCE_ROOT; };
		60D6A435F3972D37284CB943 /* cxeigen.hpp */ = {isa = PBXFileReference; explicitFileType = sourcecode.c.h; fileEncoding = 30; name = cxeigen.hpp; path = ../../of_v0.9.8_osx_release/addons/ofxOpenCv/libs/opencv/include/opencv/cxeigen.hpp; sourceTree = SOURCE_ROOT; };
		63188D950C2274A60ACA8E3A /* ts.hpp */ = {isa = PBXFileReference; explicitFileType = sourcecode.c.h; fileEncoding = 30; name = ts.hpp; path = ../../of_v0.9.8_osx_release/addons/ofxOpenCv/libs/opencv/include/opencv2/ts/ts.hpp; sourceTree = SOURCE_ROOT; };
		6335EADC94AD3899487E055E /* vec_distance.hpp */ = {isa = PBXFileReference; explicitFileType = sourcecode.c.h; fileEncoding = 30; name = vec_distance.hpp; path = ../../of_v0.9.8_osx_release/addons/ofxOpenCv/libs/opencv/include/opencv2/gpu/device/vec_distance.hpp; sourceTree = SOURCE_ROOT; };
		656309977AB4870E01BE4A0B /* transform_detail.hpp */ = {isa = PBXFileReference; explicitFileType = sourcecode.c.h; fileEncoding = 30; name = transform_detail.hpp; path = ../../of_v0.9.8_osx_release/addons/ofxOpenCv/libs/opencv/include/opencv2/gpu/device/detail/transform_detail.hpp; sourceTree = SOURCE_ROOT; };
		6794F31C1253F325F7669D96 /* reduce.hpp */ = {isa = PBXFileReference; explicitFileType = sourcecode.c.h; fileEncoding = 30; name = reduce.hpp; path = ../../of_v0.9.8_osx_release/addons/ofxOpenCv/libs/opencv/include/opencv2/gpu/device/detail/reduce.hpp; sourceTree = SOURCE_ROOT; };
		6F4270C47E496B2949687E53 /* object_factory.h */ = {isa = PBXFileReference; explicitFileType = sourcecode.c.h; fileEncoding = 30; name = object_factory.h; path = ../../of_v0.9.8_osx_release/addons/ofxOpenCv/libs/opencv/include/opencv2/flann/object_factory.h; sourceTree = SOURCE_ROOT; };
		70B2CEA4281399D29090DDE1 /* autotuned_index.h */ = {isa = PBXFileReference; explicitFileType = sourcecode.c.h; fileEncoding = 30; name = autotuned_index.h; path = ../../of_v0.9.8_osx_release/addons/ofxOpenCv/libs/opencv/include/opencv2/flann/autotuned_index.h; sourceTree = SOURCE_ROOT; };
		72F4E43F3843B7B4C5AF2D33 /* kdtree_index.h */ = {isa = PBXFileReference; explicitFileType = sourcecode.c.h; fileEncoding = 30; name = kdtree_index.h; path = ../../of_v0.9.8_osx_release/addons/ofxOpenCv/libs/opencv/include/opencv2/flann/kdtree_index.h; sourceTree = SOURCE_ROOT; };
		7566C5E0B3EF7C4BEB6BA82E /* simd_functions.hpp */ = {isa = PBXFileReference; explicitFileType = sourcecode.c.h; fileEncoding = 30; name = simd_functions.hpp; path = ../../of_v0.9.8_osx_release/addons/ofxOpenCv/libs/opencv/include/opencv2/gpu/device/simd_functions.hpp; sourceTree = SOURCE_ROOT; };
		75F429FC6B36FFEE6F4E31F7 /* lsh_index.h */ = {isa = PBXFileReference; explicitFileType = sourcecode.c.h; fileEncoding = 30; name = lsh_index.h; path = ../../of_v0.9.8_osx_release/addons/ofxOpenCv/libs/opencv/include/opencv2/flann/lsh_index.h; sourceTree = SOURCE_ROOT; };
		75F433CC8B98FF4BED29DBC1 /* vec_math.hpp */ = {isa = PBXFileReference; explicitFileType = sourcecode.c.h; fileEncoding = 30; name = vec_math.hpp; path = ../../of_v0.9.8_osx_release/addons/ofxOpenCv/libs/opencv/include/opencv2/gpu/device/vec_math.hpp; sourceTree = SOURCE_ROOT; };
		769992C32EA0CD31BC7E6162 /* simplex_downhill.h */ = {isa = PBXFileReference; explicitFileType = sourcecode.c.h; fileEncoding = 30; name = simplex_downhill.h; path = ../../of_v0.9.8_osx_release/addons/ofxOpenCv/libs/opencv/include/opencv2/flann/simplex_downhill.h; sourceTree = SOURCE_ROOT; };
		7955AF25B6F62D3D3C4A6022 /* timer.h */ = {isa = PBXFileReference; explicitFileType = sourcecode.c.h; fileEncoding = 30; name = timer.h; path = ../../of_v0.9.8_osx_release/addons/ofxOpenCv/libs/opencv/include/opencv2/flann/timer.h; sourceTree = SOURCE_ROOT; };
		7A41EB474BEEE473AE68BE05 /* features2d.hpp */ = {isa = PBXFileReference; explicitFileType = sourcecode.c.h; fileEncoding = 30; name = features2d.hpp; path = ../../of_v0.9.8_osx_release/addons/ofxOpenCv/libs/opencv/include/opencv2/nonfree/features2d.hpp; sourceTree = SOURCE_ROOT; };
		7B20E61FC1398EB8EA71C721 /* log.hpp */ = {isa = PBXFileReference; explicitFileType = sourcecode.c.h; fileEncoding = 30; name = log.hpp; path = ../../of_v0.9.8_osx_release/addons/ofxOpenCv/libs/opencv/include/opencv2/videostab/log.hpp; sourceTree = SOURCE_ROOT; };
		7DF37BF0FF3269F78CCE1164 /* ofxCvImage.h */ = {isa = PBXFileReference; explicitFileType = sourcecode.c.h; fileEncoding = 30; name = ofxCvImage.h; path = ../../of_v0.9.8_osx_release/addons/ofxOpenCv/src/ofxCvImage.h; sourceTree = SOURCE_ROOT; };
		7EF86966999E6242AC57AFFF /* cap_ios.h */ = {isa = PBXFileReference; explicitFileType = sourcecode.c.h; fileEncoding = 30; name = cap_ios.h; path = ../../of_v0.9.8_osx_release/addons/ofxOpenCv/libs/opencv/include/opencv2/highgui/cap_ios.h; sourceTree = SOURCE_ROOT; };
		802C680E5D21F262AE8D85B6 /* openfabmap.hpp */ = {isa = PBXFileReference; explicitFileType = sourcecode.c.h; fileEncoding = 30; name = openfabmap.hpp; path = ../../of_v0.9.8_osx_release/addons/ofxOpenCv/libs/opencv/include/opencv2/contrib/openfabmap.hpp; sourceTree = SOURCE_ROOT; };
		803BB3489E275638D4392C3D /* affine.hpp */ = {isa = PBXFileReference; explicitFileType = sourcecode.c.h; fileEncoding = 30; name = affine.hpp; path = ../../of_v0.9.8_osx_release/addons/ofxOpenCv/libs/opencv/include/opencv2/core/affine.hpp; sourceTree = SOURCE_ROOT; };
		81BEF4EAE0FB6CB036B70294 /* gpu_perf.hpp */ = {isa = PBXFileReference; explicitFileType = sourcecode.c.h; fileEncoding = 30; name = gpu_perf.hpp; path = ../../of_v0.9.8_osx_release/addons/ofxOpenCv/libs/opencv/include/opencv2/ts/gpu_perf.hpp; sourceTree = SOURCE_ROOT; };
		81C6634A8D14F2692E991CCF /* heap.h */ = {isa = PBXFileReference; explicitFileType = sourcecode.c.h; fileEncoding = 30; name = heap.h; path = ../../of_v0.9.8_osx_release/addons/ofxOpenCv/libs/opencv/include/opencv2/flann/heap.h; sourceTree = SOURCE_ROOT; };
		8220C3FA1A96AED02F8EE9BD /* devmem2d.hpp */ = {isa = PBXFileReference; explicitFileType = sourcecode.c.h; fileEncoding = 30; name = devmem2d.hpp; path = ../../of_v0.9.8_osx_release/addons/ofxOpenCv/libs/opencv/include/opencv2/core/devmem2d.hpp; sourceTree = SOURCE_ROOT; };
		85B98965BF0068DABEF412F2 /* ts_perf.hpp */ = {isa = PBXFileReference; explicitFileType = sourcecode.c.h; fileEncoding = 30; name = ts_perf.hpp; path = ../../of_v0.9.8_osx_release/addons/ofxOpenCv/libs/opencv/include/opencv2/ts/ts_perf.hpp; sourceTree = SOURCE_ROOT; };
		86F39FDBF33C6BE1497EAD5C /* cv.hpp */ = {isa = PBXFileReference; explicitFileType = sourcecode.c.h; fileEncoding = 30; name = cv.hpp; path = ../../of_v0.9.8_osx_release/addons/ofxOpenCv/libs/opencv/include/opencv/cv.hpp; sourceTree = SOURCE_ROOT; };
		87EEEA9FE89F918D5F84EF9B /* ofxCvHaarFinder.cpp */ = {isa = PBXFileReference; explicitFileType = sourcecode.cpp.cpp; fileEncoding = 30; name = ofxCvHaarFinder.cpp; path = ../../of_v0.9.8_osx_release/addons/ofxOpenCv/src/ofxCvHaarFinder.cpp; sourceTree = SOURCE_ROOT; };
		892EB4D1160AF02F5E7D91E7 /* ml.hpp */ = {isa = PBXFileReference; explicitFileType = sourcecode.c.h; fileEncoding = 30; name = ml.hpp; path = ../../of_v0.9.8_osx_release/addons/ofxOpenCv/libs/opencv/include/opencv2/ml/ml.hpp; sourceTree = SOURCE_ROOT; };
		89AE43B5197BB6C0469F609B /* photo_c.h */ = {isa = PBXFileReference; explicitFileType = sourcecode.c.h; fileEncoding = 30; name = photo_c.h; path = ../../of_v0.9.8_osx_release/addons/ofxOpenCv/libs/opencv/include/opencv2/photo/photo_c.h; sourceTree = SOURCE_ROOT; };
		89F2459D058F241309A5AC29 /* dynamic_smem.hpp */ = {isa = PBXFileReference; explicitFileType = sourcecode.c.h; fileEncoding = 30; name = dynamic_smem.hpp; path = ../../of_v0.9.8_osx_release/addons/ofxOpenCv/libs/opencv/include/opencv2/gpu/device/dynamic_smem.hpp; sourceTree = SOURCE_ROOT; };
		8FBA6773AD6242F92D07BC3B /* stitcher.hpp */ = {isa = PBXFileReference; explicitFileType = sourcecode.c.h; fileEncoding = 30; name = stitcher.hpp; path = ../../of_v0.9.8_osx_release/addons/ofxOpenCv/libs/opencv/include/opencv2/stitching/stitcher.hpp; sourceTree = SOURCE_ROOT; };
		90092117E2694C489486857A /* transform.hpp */ = {isa = PBXFileReference; explicitFileType = sourcecode.c.h; fileEncoding = 30; name = transform.hpp; path = ../../of_v0.9.8_osx_release/addons/ofxOpenCv/libs/opencv/include/opencv2/gpu/device/transform.hpp; sourceTree = SOURCE_ROOT; };
		901754128005C45DF5A4A5EC /* calib3d.hpp */ = {isa = PBXFileReference; explicitFileType = sourcecode.c.h; fileEncoding = 30; name = calib3d.hpp; path = ../../of_v0.9.8_osx_release/addons/ofxOpenCv/libs/opencv/include/opencv2/calib3d/calib3d.hpp; sourceTree = SOURCE_ROOT; };
		91E5DB04D0AFA70E3EE07DD3 /* streams.hpp */ = {isa = PBXFileReference; explicitFileType = sourcecode.c.h; fileEncoding = 30; name = streams.hpp; path = ../../of_v0.9.8_osx_release/addons/ofxOpenCv/libs/opencv/include/opencv2/legacy/streams.hpp; sourceTree = SOURCE_ROOT; };
		9307B7301FDDF801D6A20809 /* emulation.hpp */ = {isa = PBXFileReference; explicitFileType = sourcecode.c.h; fileEncoding = 30; name = emulation.hpp; path = ../../of_v0.9.8_osx_release/addons/ofxOpenCv/libs/opencv/include/opencv2/gpu/device/emulation.hpp; sourceTree = SOURCE_ROOT; };
		93E165345E99C07D25347638 /* opencv_modules.hpp */ = {isa = PBXFileReference; explicitFileType = sourcecode.c.h; fileEncoding = 30; name = opencv_modules.hpp; path = ../../of_v0.9.8_osx_release/addons/ofxOpenCv/libs/opencv/include/opencv2/opencv_modules.hpp; sourceTree = SOURCE_ROOT; };
		9603EC154D5729C53CB10851 /* type_traits.hpp */ = {isa = PBXFileReference; explicitFileType = sourcecode.c.h; fileEncoding = 30; name = type_traits.hpp; path = ../../of_v0.9.8_osx_release/addons/ofxOpenCv/libs/opencv/include/opencv2/gpu/device/type_traits.hpp; sourceTree = SOURCE_ROOT; };
		966701F118BC0947273C586A /* photo.hpp */ = {isa = PBXFileReference; explicitFileType = sourcecode.c.h; fileEncoding = 30; name = photo.hpp; path = ../../of_v0.9.8_osx_release/addons/ofxOpenCv/libs/opencv/include/opencv2/photo/photo.hpp; sourceTree = SOURCE_ROOT; };
		9775092DF813025555FE1E1C /* nonfree.hpp */ = {isa = PBXFileReference; explicitFileType = sourcecode.c.h; fileEncoding = 30; name = nonfree.hpp; path = ../../of_v0.9.8_osx_release/addons/ofxOpenCv/libs/opencv/include/opencv2/nonfree/nonfree.hpp; sourceTree = SOURCE_ROOT; };
		981F5B2EAEE8B500C4352B93 /* blenders.hpp */ = {isa = PBXFileReference; explicitFileType = sourcecode.c.h; fileEncoding = 30; name = blenders.hpp; path = ../../of_v0.9.8_osx_release/addons/ofxOpenCv/libs/opencv/include/opencv2/stitching/detail/blenders.hpp; sourceTree = SOURCE_ROOT; };
		99253BEFF87278D24A0A1094 /* type_traits_detail.hpp */ = {isa = PBXFileReference; explicitFileType = sourcecode.c.h; fileEncoding = 30; name = type_traits_detail.hpp; path = ../../of_v0.9.8_osx_release/addons/ofxOpenCv/libs/opencv/include/opencv2/gpu/device/detail/type_traits_detail.hpp; sourceTree = SOURCE_ROOT; };
		993AEE145FBC52B43DA38F92 /* superres.hpp */ = {isa = PBXFileReference; explicitFileType = sourcecode.c.h; fileEncoding = 30; name = superres.hpp; path = ../../of_v0.9.8_osx_release/addons/ofxOpenCv/libs/opencv/include/opencv2/superres/superres.hpp; sourceTree = SOURCE_ROOT; };
		994CDC4DC7A740D2A11195B3 /* cxmisc.h */ = {isa = PBXFileReference; explicitFileType = sourcecode.c.h; fileEncoding = 30; name = cxmisc.h; path = ../../of_v0.9.8_osx_release/addons/ofxOpenCv/libs/opencv/include/opencv/cxmisc.h; sourceTree = SOURCE_ROOT; };
		9AB8E6BDAB49CC470673572D /* datamov_utils.hpp */ = {isa = PBXFileReference; explicitFileType = sourcecode.c.h; fileEncoding = 30; name = datamov_utils.hpp; path = ../../of_v0.9.8_osx_release/addons/ofxOpenCv/libs/opencv/include/opencv2/gpu/device/datamov_utils.hpp; sourceTree = SOURCE_ROOT; };
		9BB4F9A7500F251FAEFEE7AA /* logger.h */ = {isa = PBXFileReference; explicitFileType = sourcecode.c.h; fileEncoding = 30; name = logger.h; path = ../../of_v0.9.8_osx_release/addons/ofxOpenCv/libs/opencv/include/opencv2/flann/logger.h; sourceTree = SOURCE_ROOT; };
		9DB5E146D2F32142D2B78671 /* types_c.h */ = {isa = PBXFileReference; explicitFileType = sourcecode.c.h; fileEncoding = 30; name = types_c.h; path = ../../of_v0.9.8_osx_release/addons/ofxOpenCv/libs/opencv/include/opencv2/imgproc/types_c.h; sourceTree = SOURCE_ROOT; };
		9FD235610C2610B69A89BEE5 /* kdtree_single_index.h */ = {isa = PBXFileReference; explicitFileType = sourcecode.c.h; fileEncoding = 30; name = kdtree_single_index.h; path = ../../of_v0.9.8_osx_release/addons/ofxOpenCv/libs/opencv/include/opencv2/flann/kdtree_single_index.h; sourceTree = SOURCE_ROOT; };
		A2DFA93F51A225CD3CD34FAE /* warp.hpp */ = {isa = PBXFileReference; explicitFileType = sourcecode.c.h; fileEncoding = 30; name = warp.hpp; path = ../../of_v0.9.8_osx_release/addons/ofxOpenCv/libs/opencv/include/opencv2/gpu/device/warp.hpp; sourceTree = SOURCE_ROOT; };
		A5CFB762196F445A6712D678 /* gpu.hpp */ = {isa = PBXFileReference; explicitFileType = sourcecode.c.h; fileEncoding = 30; name = gpu.hpp; path = ../../of_v0.9.8_osx_release/addons/ofxOpenCv/libs/opencv/include/opencv2/nonfree/gpu.hpp; sourceTree = SOURCE_ROOT; };
		A8215EC516B5F8128E24716C /* fast_marching.hpp */ = {isa = PBXFileReference; explicitFileType = sourcecode.c.h; fileEncoding = 30; name = fast_marching.hpp; path = ../../of_v0.9.8_osx_release/addons/ofxOpenCv/libs/opencv/include/opencv2/videostab/fast_marching.hpp; sourceTree = SOURCE_ROOT; };
		A8DDE5FDB58AD291842C00B8 /* background_segm.hpp */ = {isa = PBXFileReference; explicitFileType = sourcecode.c.h; fileEncoding = 30; name = background_segm.hpp; path = ../../of_v0.9.8_osx_release/addons/ofxOpenCv/libs/opencv/include/opencv2/video/background_segm.hpp; sourceTree = SOURCE_ROOT; };
		AD2499AA82E48E241A587121 /* random.h */ = {isa = PBXFileReference; explicitFileType = sourcecode.c.h; fileEncoding = 30; name = random.h; path = ../../of_v0.9.8_osx_release/addons/ofxOpenCv/libs/opencv/include/opencv2/flann/random.h; sourceTree = SOURCE_ROOT; };
		AE9CA27A1BF9A83265EC2615 /* opengl_interop.hpp */ = {isa = PBXFileReference; explicitFileType = sourcecode.c.h; fileEncoding = 30; name = opengl_interop.hpp; path = ../../of_v0.9.8_osx_release/addons/ofxOpenCv/libs/opencv/include/opencv2/core/opengl_interop.hpp; sourceTree = SOURCE_ROOT; };
		AFAF37381E3C09AD00383C58 /* BlobTracker.h */ = {isa = PBXFileReference; lastKnownFileType = sourcecode.c.h; path = BlobTracker.h; sourceTree = "<group>"; };
		AFD111F51E3C0B7E00B3A840 /* BlobTracker.cpp */ = {isa = PBXFileReference; fileEncoding = 4; lastKnownFileType = sourcecode.cpp.cpp; path = BlobTracker.cpp; sourceTree = "<group>"; };
		AFDC06901BC073F229CFF2FC /* vec_distance_detail.hpp */ = {isa = PBXFileReference; explicitFileType = sourcecode.c.h; fileEncoding = 30; name = vec_distance_detail.hpp; path = ../../of_v0.9.8_osx_release/addons/ofxOpenCv/libs/opencv/include/opencv2/gpu/device/detail/vec_distance_detail.hpp; sourceTree = SOURCE_ROOT; };
		B0E7686FAF5108191B6B3E29 /* util_inl.hpp */ = {isa = PBXFileReference; explicitFileType = sourcecode.c.h; fileEncoding = 30; name = util_inl.hpp; path = ../../of_v0.9.8_osx_release/addons/ofxOpenCv/libs/opencv/include/opencv2/stitching/detail/util_inl.hpp; sourceTree = SOURCE_ROOT; };
		B0F46619541EE9F456173DE1 /* util.hpp */ = {isa = PBXFileReference; explicitFileType = sourcecode.c.h; fileEncoding = 30; name = util.hpp; path = ../../of_v0.9.8_osx_release/addons/ofxOpenCv/libs/opencv/include/opencv2/stitching/detail/util.hpp; sourceTree = SOURCE_ROOT; };
		B1150F78F5285D36CA8A78F3 /* color_detail.hpp */ = {isa = PBXFileReference; explicitFileType = sourcecode.c.h; fileEncoding = 30; name = color_detail.hpp; path = ../../of_v0.9.8_osx_release/addons/ofxOpenCv/libs/opencv/include/opencv2/gpu/device/detail/color_detail.hpp; sourceTree = SOURCE_ROOT; };
		B16904E7BC723FB8A01F27BF /* warp_shuffle.hpp */ = {isa = PBXFileReference; explicitFileType = sourcecode.c.h; fileEncoding = 30; name = warp_shuffle.hpp; path = ../../of_v0.9.8_osx_release/addons/ofxOpenCv/libs/opencv/include/opencv2/gpu/device/warp_shuffle.hpp; sourceTree = SOURCE_ROOT; };
		B1959FA82E372AB73F2CE8F6 /* vec_traits.hpp */ = {isa = PBXFileReference; explicitFileType = sourcecode.c.h; fileEncoding = 30; name = vec_traits.hpp; path = ../../of_v0.9.8_osx_release/addons/ofxOpenCv/libs/opencv/include/opencv2/gpu/device/vec_traits.hpp; sourceTree = SOURCE_ROOT; };
		B28AE1E51F8BC569B2D8E1FE /* funcattrib.hpp */ = {isa = PBXFileReference; explicitFileType = sourcecode.c.h; fileEncoding = 30; name = funcattrib.hpp; path = ../../of_v0.9.8_osx_release/addons/ofxOpenCv/libs/opencv/include/opencv2/gpu/device/funcattrib.hpp; sourceTree = SOURCE_ROOT; };
		B338326BE36F5260D5A5325D /* allocator.h */ = {isa = PBXFileReference; explicitFileType = sourcecode.c.h; fileEncoding = 30; name = allocator.h; path = ../../of_v0.9.8_osx_release/addons/ofxOpenCv/libs/opencv/include/opencv2/flann/allocator.h; sourceTree = SOURCE_ROOT; };
		B50096871FB4D01025E009F8 /* version.hpp */ = {isa = PBXFileReference; explicitFileType = sourcecode.c.h; fileEncoding = 30; name = version.hpp; path = ../../of_v0.9.8_osx_release/addons/ofxOpenCv/libs/opencv/include/opencv2/core/version.hpp; sourceTree = SOURCE_ROOT; };
		B5F31E7A905BFB4A389C227C /* cxcore.hpp */ = {isa = PBXFileReference; explicitFileType = sourcecode.c.h; fileEncoding = 30; name = cxcore.hpp; path = ../../of_v0.9.8_osx_release/addons/ofxOpenCv/libs/opencv/include/opencv/cxcore.hpp; sourceTree = SOURCE_ROOT; };
		B6D2A8DFAFAA3463B3432351 /* exposure_compensate.hpp */ = {isa = PBXFileReference; explicitFileType = sourcecode.c.h; fileEncoding = 30; name = exposure_compensate.hpp; path = ../../of_v0.9.8_osx_release/addons/ofxOpenCv/libs/opencv/include/opencv2/stitching/detail/exposure_compensate.hpp; sourceTree = SOURCE_ROOT; };
		B74EC56F0805001919151A7F /* all_indices.h */ = {isa = PBXFileReference; explicitFileType = sourcecode.c.h; fileEncoding = 30; name = all_indices.h; path = ../../of_v0.9.8_osx_release/addons/ofxOpenCv/libs/opencv/include/opencv2/flann/all_indices.h; sourceTree = SOURCE_ROOT; };
		B8109FEF4DC44323AB13D12F /* cvwimage.h */ = {isa = PBXFileReference; explicitFileType = sourcecode.c.h; fileEncoding = 30; name = cvwimage.h; path = ../../of_v0.9.8_osx_release/addons/ofxOpenCv/libs/opencv/include/opencv/cvwimage.h; sourceTree = SOURCE_ROOT; };
		B87735495C02AA89F1863D81 /* warpers.hpp */ = {isa = PBXFileReference; explicitFileType = sourcecode.c.h; fileEncoding = 30; name = warpers.hpp; path = ../../of_v0.9.8_osx_release/addons/ofxOpenCv/libs/opencv/include/opencv2/stitching/detail/warpers.hpp; sourceTree = SOURCE_ROOT; };
		B95F1D777AE32AC35D795125 /* ofxCvContourFinder.h */ = {isa = PBXFileReference; explicitFileType = sourcecode.c.h; fileEncoding = 30; name = ofxCvContourFinder.h; path = ../../of_v0.9.8_osx_release/addons/ofxOpenCv/src/ofxCvContourFinder.h; sourceTree = SOURCE_ROOT; };
		B99BA1B818A58C246E7EB918 /* ofxCvShortImage.h */ = {isa = PBXFileReference; explicitFileType = sourcecode.c.h; fileEncoding = 30; name = ofxCvShortImage.h; path = ../../of_v0.9.8_osx_release/addons/ofxOpenCv/src/ofxCvShortImage.h; sourceTree = SOURCE_ROOT; };
		BA073DE343395EAA752C302C /* dist.h */ = {isa = PBXFileReference; explicitFileType = sourcecode.c.h; fileEncoding = 30; name = dist.h; path = ../../of_v0.9.8_osx_release/addons/ofxOpenCv/libs/opencv/include/opencv2/flann/dist.h; sourceTree = SOURCE_ROOT; };
		BB6EAA5462E8EE6A732014C9 /* gpu.hpp */ = {isa = PBXFileReference; explicitFileType = sourcecode.c.h; fileEncoding = 30; name = gpu.hpp; path = ../../of_v0.9.8_osx_release/addons/ofxOpenCv/libs/opencv/include/opencv2/gpu/gpu.hpp; sourceTree = SOURCE_ROOT; };
		BE6E64B68F233F5D21602045 /* params.h */ = {isa = PBXFileReference; explicitFileType = sourcecode.c.h; fileEncoding = 30; name = params.h; path = ../../of_v0.9.8_osx_release/addons/ofxOpenCv/libs/opencv/include/opencv2/flann/params.h; sourceTree = SOURCE_ROOT; };
		C31E92AE134E98CF805D26FC /* eigen.hpp */ = {isa = PBXFileReference; explicitFileType = sourcecode.c.h; fileEncoding = 30; name = eigen.hpp; path = ../../of_v0.9.8_osx_release/addons/ofxOpenCv/libs/opencv/include/opencv2/core/eigen.hpp; sourceTree = SOURCE_ROOT; };
		C34D0F53A88778BE7970EF6A /* ofxCvBlob.h */ = {isa = PBXFileReference; explicitFileType = sourcecode.c.h; fileEncoding = 30; name = ofxCvBlob.h; path = ../../of_v0.9.8_osx_release/addons/ofxOpenCv/src/ofxCvBlob.h; sourceTree = SOURCE_ROOT; };
		C4E7E53FD09350F27F7C0AC2 /* reduce_key_val.hpp */ = {isa = PBXFileReference; explicitFileType = sourcecode.c.h; fileEncoding = 30; name = reduce_key_val.hpp; path = ../../of_v0.9.8_osx_release/addons/ofxOpenCv/libs/opencv/include/opencv2/gpu/device/detail/reduce_key_val.hpp; sourceTree = SOURCE_ROOT; };
		C4FB29C8EFFE1D2EBD149360 /* fast_marching_inl.hpp */ = {isa = PBXFileReference; explicitFileType = sourcecode.c.h; fileEncoding = 30; name = fast_marching_inl.hpp; path = ../../of_v0.9.8_osx_release/addons/ofxOpenCv/libs/opencv/include/opencv2/videostab/fast_marching_inl.hpp; sourceTree = SOURCE_ROOT; };
		C80836C83CA69F252C247216 /* cvaux.hpp */ = {isa = PBXFileReference; explicitFileType = sourcecode.c.h; fileEncoding = 30; name = cvaux.hpp; path = ../../of_v0.9.8_osx_release/addons/ofxOpenCv/libs/opencv/include/opencv/cvaux.hpp; sourceTree = SOURCE_ROOT; };
		CC7E531450BF7CFAB6724095 /* optical_flow.hpp */ = {isa = PBXFileReference; explicitFileType = sourcecode.c.h; fileEncoding = 30; name = optical_flow.hpp; path = ../../of_v0.9.8_osx_release/addons/ofxOpenCv/libs/opencv/include/opencv2/superres/optical_flow.hpp; sourceTree = SOURCE_ROOT; };
		CEA84178D9DFCE4395DD5024 /* motion_estimators.hpp */ = {isa = PBXFileReference; explicitFileType = sourcecode.c.h; fileEncoding = 30; name = motion_estimators.hpp; path = ../../of_v0.9.8_osx_release/addons/ofxOpenCv/libs/opencv/include/opencv2/stitching/detail/motion_estimators.hpp; sourceTree = SOURCE_ROOT; };
		CEB61257A76BB357E809EEAB /* mat.hpp */ = {isa = PBXFileReference; explicitFileType = sourcecode.c.h; fileEncoding = 30; name = mat.hpp; path = ../../of_v0.9.8_osx_release/addons/ofxOpenCv/libs/opencv/include/opencv2/core/mat.hpp; sourceTree = SOURCE_ROOT; };
		CF6D3DBF8ED72203BC764668 /* filters.hpp */ = {isa = PBXFileReference; explicitFileType = sourcecode.c.h; fileEncoding = 30; name = filters.hpp; path = ../../of_v0.9.8_osx_release/addons/ofxOpenCv/libs/opencv/include/opencv2/gpu/device/filters.hpp; sourceTree = SOURCE_ROOT; };
		D021D770F3892277BF4F169A /* defines.h */ = {isa = PBXFileReference; explicitFileType = sourcecode.c.h; fileEncoding = 30; name = defines.h; path = ../../of_v0.9.8_osx_release/addons/ofxOpenCv/libs/opencv/include/opencv2/flann/defines.h; sourceTree = SOURCE_ROOT; };
		D1BD5D85C6D937AE12936305 /* video.hpp */ = {isa = PBXFileReference; explicitFileType = sourcecode.c.h; fileEncoding = 30; name = video.hpp; path = ../../of_v0.9.8_osx_release/addons/ofxOpenCv/libs/opencv/include/opencv2/video/video.hpp; sourceTree = SOURCE_ROOT; };
		D60C8F61A3AF691C14BFDC9A /* highgui_c.h */ = {isa = PBXFileReference; explicitFileType = sourcecode.c.h; fileEncoding = 30; name = highgui_c.h; path = ../../of_v0.9.8_osx_release/addons/ofxOpenCv/libs/opencv/include/opencv2/highgui/highgui_c.h; sourceTree = SOURCE_ROOT; };
		D671D5B27F5C2758F84E871C /* border_interpolate.hpp */ = {isa = PBXFileReference; explicitFileType = sourcecode.c.h; fileEncoding = 30; name = border_interpolate.hpp; path = ../../of_v0.9.8_osx_release/addons/ofxOpenCv/libs/opencv/include/opencv2/gpu/device/border_interpolate.hpp; sourceTree = SOURCE_ROOT; };
		D8881FA48363709DA06733EB /* sampling.h */ = {isa = PBXFileReference; explicitFileType = sourcecode.c.h; fileEncoding = 30; name = sampling.h; path = ../../of_v0.9.8_osx_release/addons/ofxOpenCv/libs/opencv/include/opencv2/flann/sampling.h; sourceTree = SOURCE_ROOT; };
		D8F3078BB20F30847B935254 /* nn_index.h */ = {isa = PBXFileReference; explicitFileType = sourcecode.c.h; fileEncoding = 30; name = nn_index.h; path = ../../of_v0.9.8_osx_release/addons/ofxOpenCv/libs/opencv/include/opencv2/flann/nn_index.h; sourceTree = SOURCE_ROOT; };
		D967D5306F4E2AD2172BB461 /* static_check.hpp */ = {isa = PBXFileReference; explicitFileType = sourcecode.c.h; fileEncoding = 30; name = static_check.hpp; path = ../../of_v0.9.8_osx_release/addons/ofxOpenCv/libs/opencv/include/opencv2/gpu/device/static_check.hpp; sourceTree = SOURCE_ROOT; };
		DE3750A126155445C5C168F1 /* ofxCvFloatImage.h */ = {isa = PBXFileReference; explicitFileType = sourcecode.c.h; fileEncoding = 30; name = ofxCvFloatImage.h; path = ../../of_v0.9.8_osx_release/addons/ofxOpenCv/src/ofxCvFloatImage.h; sourceTree = SOURCE_ROOT; };
		DF1FA589143B10E1DA1099A3 /* stream_accessor.hpp */ = {isa = PBXFileReference; explicitFileType = sourcecode.c.h; fileEncoding = 30; name = stream_accessor.hpp; path = ../../of_v0.9.8_osx_release/addons/ofxOpenCv/libs/opencv/include/opencv2/gpu/stream_accessor.hpp; sourceTree = SOURCE_ROOT; };
		E00997E94079115ECE171CCF /* cvaux.h */ = {isa = PBXFileReference; explicitFileType = sourcecode.c.h; fileEncoding = 30; name = cvaux.h; path = ../../of_v0.9.8_osx_release/addons/ofxOpenCv/libs/opencv/include/opencv/cvaux.h; sourceTree = SOURCE_ROOT; };
		E1AC88B8E094A686A095D3AC /* seam_finders.hpp */ = {isa = PBXFileReference; explicitFileType = sourcecode.c.h; fileEncoding = 30; name = seam_finders.hpp; path = ../../of_v0.9.8_osx_release/addons/ofxOpenCv/libs/opencv/include/opencv2/stitching/detail/seam_finders.hpp; sourceTree = SOURCE_ROOT; };
		E1DC4B9E5967A2F0DF975FED /* videostab.hpp */ = {isa = PBXFileReference; explicitFileType = sourcecode.c.h; fileEncoding = 30; name = videostab.hpp; path = ../../of_v0.9.8_osx_release/addons/ofxOpenCv/libs/opencv/include/opencv2/videostab/videostab.hpp; sourceTree = SOURCE_ROOT; };
		E28F3FED58FFDFCFF95D766A /* flann.hpp */ = {isa = PBXFileReference; explicitFileType = sourcecode.c.h; fileEncoding = 30; name = flann.hpp; path = ../../of_v0.9.8_osx_release/addons/ofxOpenCv/libs/opencv/include/opencv2/flann/flann.hpp; sourceTree = SOURCE_ROOT; };
		E4328143138ABC890047C5CB /* openFrameworksLib.xcodeproj */ = {isa = PBXFileReference; lastKnownFileType = "wrapper.pb-project"; name = openFrameworksLib.xcodeproj; path = ../../of_v0.9.8_osx_release/libs/openFrameworksCompiled/project/osx/openFrameworksLib.xcodeproj; sourceTree = SOURCE_ROOT; };
		E4AD53B22A346935174590BA /* any.h */ = {isa = PBXFileReference; explicitFileType = sourcecode.c.h; fileEncoding = 30; name = any.h; path = ../../of_v0.9.8_osx_release/addons/ofxOpenCv/libs/opencv/include/opencv2/flann/any.h; sourceTree = SOURCE_ROOT; };
		E4B69B5B0A3A1756003C02F2 /* hand-drawing-testDebug.app */ = {isa = PBXFileReference; explicitFileType = wrapper.application; includeInIndex = 0; path = "hand-drawing-testDebug.app"; sourceTree = BUILT_PRODUCTS_DIR; };
		E4B69E1D0A3A1BDC003C02F2 /* main.cpp */ = {isa = PBXFileReference; fileEncoding = 30; lastKnownFileType = sourcecode.cpp.cpp; name = main.cpp; path = src/main.cpp; sourceTree = SOURCE_ROOT; };
		E4B69E1E0A3A1BDC003C02F2 /* ofApp.cpp */ = {isa = PBXFileReference; explicitFileType = sourcecode.cpp.cpp; fileEncoding = 30; name = ofApp.cpp; path = src/ofApp.cpp; sourceTree = SOURCE_ROOT; };
		E4B69E1F0A3A1BDC003C02F2 /* ofApp.h */ = {isa = PBXFileReference; fileEncoding = 30; lastKnownFileType = sourcecode.c.h; name = ofApp.h; path = src/ofApp.h; sourceTree = SOURCE_ROOT; };
		E4B6FCAD0C3E899E008CF71C /* openFrameworks-Info.plist */ = {isa = PBXFileReference; fileEncoding = 30; lastKnownFileType = text.plist.xml; path = "openFrameworks-Info.plist"; sourceTree = "<group>"; };
		E4EB691F138AFCF100A09F29 /* CoreOF.xcconfig */ = {isa = PBXFileReference; fileEncoding = 4; lastKnownFileType = text.xcconfig; name = CoreOF.xcconfig; path = ../../of_v0.9.8_osx_release/libs/openFrameworksCompiled/project/osx/CoreOF.xcconfig; sourceTree = SOURCE_ROOT; };
		E4EB6923138AFD0F00A09F29 /* Project.xcconfig */ = {isa = PBXFileReference; fileEncoding = 4; lastKnownFileType = text.xcconfig; path = Project.xcconfig; sourceTree = "<group>"; };
		E505626953274D1A3B26A167 /* flann_base.hpp */ = {isa = PBXFileReference; explicitFileType = sourcecode.c.h; fileEncoding = 30; name = flann_base.hpp; path = ../../of_v0.9.8_osx_release/addons/ofxOpenCv/libs/opencv/include/opencv2/flann/flann_base.hpp; sourceTree = SOURCE_ROOT; };
		E508C9D50B7792A8229B57AF /* ground_truth.h */ = {isa = PBXFileReference; explicitFileType = sourcecode.c.h; fileEncoding = 30; name = ground_truth.h; path = ../../of_v0.9.8_osx_release/addons/ofxOpenCv/libs/opencv/include/opencv2/flann/ground_truth.h; sourceTree = SOURCE_ROOT; };
		E8097D88C9393B527B0FB07B /* matchers.hpp */ = {isa = PBXFileReference; explicitFileType = sourcecode.c.h; fileEncoding = 30; name = matchers.hpp; path = ../../of_v0.9.8_osx_release/addons/ofxOpenCv/libs/opencv/include/opencv2/stitching/detail/matchers.hpp; sourceTree = SOURCE_ROOT; };
		E89765BD19FC456E6F993823 /* gpumat.hpp */ = {isa = PBXFileReference; explicitFileType = sourcecode.c.h; fileEncoding = 30; name = gpumat.hpp; path = ../../of_v0.9.8_osx_release/addons/ofxOpenCv/libs/opencv/include/opencv2/core/gpumat.hpp; sourceTree = SOURCE_ROOT; };
		EB2F0AE0E2930CAAE5F0A6FF /* ofxCvImage.cpp */ = {isa = PBXFileReference; explicitFileType = sourcecode.cpp.cpp; fileEncoding = 30; name = ofxCvImage.cpp; path = ../../of_v0.9.8_osx_release/addons/ofxOpenCv/src/ofxCvImage.cpp; sourceTree = SOURCE_ROOT; };
		EC34D2AF2733BAA98A7826FF /* ofxOpenCv.h */ = {isa = PBXFileReference; explicitFileType = sourcecode.c.h; fileEncoding = 30; name = ofxOpenCv.h; path = ../../of_v0.9.8_osx_release/addons/ofxOpenCv/src/ofxOpenCv.h; sourceTree = SOURCE_ROOT; };
		EE81884BDB415F75559CEC0A /* ts_gtest.h */ = {isa = PBXFileReference; explicitFileType = sourcecode.c.h; fileEncoding = 30; name = ts_gtest.h; path = ../../of_v0.9.8_osx_release/addons/ofxOpenCv/libs/opencv/include/opencv2/ts/ts_gtest.h; sourceTree = SOURCE_ROOT; };
		EEA6709748C078F813612386 /* inpainting.hpp */ = {isa = PBXFileReference; explicitFileType = sourcecode.c.h; fileEncoding = 30; name = inpainting.hpp; path = ../../of_v0.9.8_osx_release/addons/ofxOpenCv/libs/opencv/include/opencv2/videostab/inpainting.hpp; sourceTree = SOURCE_ROOT; };
		EF40EF363479D04357061409 /* warp_reduce.hpp */ = {isa = PBXFileReference; explicitFileType = sourcecode.c.h; fileEncoding = 30; name = warp_reduce.hpp; path = ../../of_v0.9.8_osx_release/addons/ofxOpenCv/libs/opencv/include/opencv2/gpu/device/warp_reduce.hpp; sourceTree = SOURCE_ROOT; };
		F03EAF2E14797411FBB67DE3 /* limits.hpp */ = {isa = PBXFileReference; explicitFileType = sourcecode.c.h; fileEncoding = 30; name = limits.hpp; path = ../../of_v0.9.8_osx_release/addons/ofxOpenCv/libs/opencv/include/opencv2/gpu/device/limits.hpp; sourceTree = SOURCE_ROOT; };
		F2AA4C7F658E4741331FCA45 /* operations.hpp */ = {isa = PBXFileReference; explicitFileType = sourcecode.c.h; fileEncoding = 30; name = operations.hpp; path = ../../of_v0.9.8_osx_release/addons/ofxOpenCv/libs/opencv/include/opencv2/core/operations.hpp; sourceTree = SOURCE_ROOT; };
		F35B37BB822A85CB983D9FAF /* opengl_interop_deprecated.hpp */ = {isa = PBXFileReference; explicitFileType = sourcecode.c.h; fileEncoding = 30; name = opengl_interop_deprecated.hpp; path = ../../of_v0.9.8_osx_release/addons/ofxOpenCv/libs/opencv/include/opencv2/core/opengl_interop_deprecated.hpp; sourceTree = SOURCE_ROOT; };
		F4BA70DB0C2E1C0BCAAD5BD5 /* scan.hpp */ = {isa = PBXFileReference; explicitFileType = sourcecode.c.h; fileEncoding = 30; name = scan.hpp; path = ../../of_v0.9.8_osx_release/addons/ofxOpenCv/libs/opencv/include/opencv2/gpu/device/scan.hpp; sourceTree = SOURCE_ROOT; };
		F5C50F8B4A43405242247766 /* reduce.hpp */ = {isa = PBXFileReference; explicitFileType = sourcecode.c.h; fileEncoding = 30; name = reduce.hpp; path = ../../of_v0.9.8_osx_release/addons/ofxOpenCv/libs/opencv/include/opencv2/gpu/device/reduce.hpp; sourceTree = SOURCE_ROOT; };
		F92614BE3BE525786E5950A7 /* ocl.hpp */ = {isa = PBXFileReference; explicitFileType = sourcecode.c.h; fileEncoding = 30; name = ocl.hpp; path = ../../of_v0.9.8_osx_release/addons/ofxOpenCv/libs/opencv/include/opencv2/nonfree/ocl.hpp; sourceTree = SOURCE_ROOT; };
		FA292962311C2221BE482E56 /* dummy.h */ = {isa = PBXFileReference; explicitFileType = sourcecode.c.h; fileEncoding = 30; name = dummy.h; path = ../../of_v0.9.8_osx_release/addons/ofxOpenCv/libs/opencv/include/opencv2/flann/dummy.h; sourceTree = SOURCE_ROOT; };
		FA444121287B167AC9038B34 /* warpers.hpp */ = {isa = PBXFileReference; explicitFileType = sourcecode.c.h; fileEncoding = 30; name = warpers.hpp; path = ../../of_v0.9.8_osx_release/addons/ofxOpenCv/libs/opencv/include/opencv2/stitching/warpers.hpp; sourceTree = SOURCE_ROOT; };
		FA8CA3C7C98E3529E0AD425D /* deblurring.hpp */ = {isa = PBXFileReference; explicitFileType = sourcecode.c.h; fileEncoding = 30; name = deblurring.hpp; path = ../../of_v0.9.8_osx_release/addons/ofxOpenCv/libs/opencv/include/opencv2/videostab/deblurring.hpp; sourceTree = SOURCE_ROOT; };
		FC2EA0CA278E13B168876B21 /* ofxCvGrayscaleImage.cpp */ = {isa = PBXFileReference; explicitFileType = sourcecode.cpp.cpp; fileEncoding = 30; name = ofxCvGrayscaleImage.cpp; path = ../../of_v0.9.8_osx_release/addons/ofxOpenCv/src/ofxCvGrayscaleImage.cpp; sourceTree = SOURCE_ROOT; };
		FCBC653D42AA509BB78A4E30 /* utility.hpp */ = {isa = PBXFileReference; explicitFileType = sourcecode.c.h; fileEncoding = 30; name = utility.hpp; path = ../../of_v0.9.8_osx_release/addons/ofxOpenCv/libs/opencv/include/opencv2/gpu/device/utility.hpp; sourceTree = SOURCE_ROOT; };
		FE574E28F1023926C1ED7C6E /* core_c.h */ = {isa = PBXFileReference; explicitFileType = sourcecode.c.h; fileEncoding = 30; name = core_c.h; path = ../../of_v0.9.8_osx_release/addons/ofxOpenCv/libs/opencv/include/opencv2/core/core_c.h; sourceTree = SOURCE_ROOT; };
		FE6E9626BE117E4179E58FCA /* opencv.hpp */ = {isa = PBXFileReference; explicitFileType = sourcecode.c.h; fileEncoding = 30; name = opencv.hpp; path = ../../of_v0.9.8_osx_release/addons/ofxOpenCv/libs/opencv/include/opencv2/opencv.hpp; sourceTree = SOURCE_ROOT; };
		FF80A831A127691057D03D28 /* ofxCvColorImage.h */ = {isa = PBXFileReference; explicitFileType = sourcecode.c.h; fileEncoding = 30; name = ofxCvColorImage.h; path = ../../of_v0.9.8_osx_release/addons/ofxOpenCv/src/ofxCvColorImage.h; sourceTree = SOURCE_ROOT; };
/* End PBXFileReference section */

/* Begin PBXFrameworksBuildPhase section */
		E4B69B590A3A1756003C02F2 /* Frameworks */ = {
			isa = PBXFrameworksBuildPhase;
			buildActionMask = 2147483647;
			files = (
				E4328149138ABC9F0047C5CB /* openFrameworksDebug.a in Frameworks */,
			);
			runOnlyForDeploymentPostprocessing = 0;
		};
/* End PBXFrameworksBuildPhase section */

/* Begin PBXGroup section */
		0478E60892BF4C0731AE0763 /* ts */ = {
			isa = PBXGroup;
			children = (
				81BEF4EAE0FB6CB036B70294 /* gpu_perf.hpp */,
				217371968C835C21164FD6C8 /* gpu_test.hpp */,
				63188D950C2274A60ACA8E3A /* ts.hpp */,
				EE81884BDB415F75559CEC0A /* ts_gtest.h */,
				85B98965BF0068DABEF412F2 /* ts_perf.hpp */,
			);
			name = ts;
			sourceTree = "<group>";
		};
		0F07FE174552DEF007BF5AD5 /* opencv2 */ = {
			isa = PBXGroup;
			children = (
				428EB732FD42504F37BCA78A /* calib3d */,
				170C3384C93B182490DDC9CC /* contrib */,
				A5A3A2F98919E2243C73199C /* core */,
				86FEC009E2721D0FB23338D7 /* features2d */,
				1E45F8C3CCFF6847BFF957AA /* flann */,
				5236346776DB8ECC4B121CA3 /* gpu */,
				9C99831C330874C2B245AB48 /* highgui */,
				3E44059DCBC2444D65660B9C /* imgproc */,
				961A625BD21068033782887C /* legacy */,
				0F288FD421D474F4AE2684D3 /* ml */,
				7BC63C2C5B49F4CFBC87C288 /* nonfree */,
				D0CAFE48EE488EEED9149670 /* objdetect */,
				FE6E9626BE117E4179E58FCA /* opencv.hpp */,
				93E165345E99C07D25347638 /* opencv_modules.hpp */,
				3B8F70BFDA30BBA2A5A060FC /* photo */,
				AF43D9569510BEB0E2DFB944 /* stitching */,
				ED977EFE7B82B0D53CB5C778 /* superres */,
				0478E60892BF4C0731AE0763 /* ts */,
				C58CC92A5283B95AA31D50FB /* video */,
				38D119387412EF71F9FAA033 /* videostab */,
			);
			name = opencv2;
			sourceTree = "<group>";
		};
		0F288FD421D474F4AE2684D3 /* ml */ = {
			isa = PBXGroup;
			children = (
				892EB4D1160AF02F5E7D91E7 /* ml.hpp */,
			);
			name = ml;
			sourceTree = "<group>";
		};
		170C3384C93B182490DDC9CC /* contrib */ = {
			isa = PBXGroup;
			children = (
				4288D5655CFD69041024E41B /* contrib.hpp */,
				4E499DF04A770A1F182B7C61 /* detection_based_tracker.hpp */,
				1FF8A39C53CF36C562C5ED93 /* hybridtracker.hpp */,
				802C680E5D21F262AE8D85B6 /* openfabmap.hpp */,
				337D2F610D34AE0774BF8636 /* retina.hpp */,
			);
			name = contrib;
			sourceTree = "<group>";
		};
		1E45F8C3CCFF6847BFF957AA /* flann */ = {
			isa = PBXGroup;
			children = (
				B74EC56F0805001919151A7F /* all_indices.h */,
				B338326BE36F5260D5A5325D /* allocator.h */,
				E4AD53B22A346935174590BA /* any.h */,
				70B2CEA4281399D29090DDE1 /* autotuned_index.h */,
				2912AF8AF776071599B25033 /* composite_index.h */,
				31EAB7D149F4BAD7565DB55E /* config.h */,
				D021D770F3892277BF4F169A /* defines.h */,
				BA073DE343395EAA752C302C /* dist.h */,
				FA292962311C2221BE482E56 /* dummy.h */,
				096B18D724F4073046AFD426 /* dynamic_bitset.h */,
				E28F3FED58FFDFCFF95D766A /* flann.hpp */,
				E505626953274D1A3B26A167 /* flann_base.hpp */,
				5B807882D98C0D07CCA96F0D /* general.h */,
				E508C9D50B7792A8229B57AF /* ground_truth.h */,
				3502E2944770EA8151AC45F4 /* hdf5.h */,
				81C6634A8D14F2692E991CCF /* heap.h */,
				321F72F1F41631F3724B2CC2 /* hierarchical_clustering_index.h */,
				29E549E13315EFFAAB1BB1B8 /* index_testing.h */,
				72F4E43F3843B7B4C5AF2D33 /* kdtree_index.h */,
				9FD235610C2610B69A89BEE5 /* kdtree_single_index.h */,
				27EE1678D1D20E8349E06691 /* kmeans_index.h */,
				474F8412C93AA69A9AC25D7F /* linear_index.h */,
				9BB4F9A7500F251FAEFEE7AA /* logger.h */,
				75F429FC6B36FFEE6F4E31F7 /* lsh_index.h */,
				604324A2619560CA2B6273B5 /* lsh_table.h */,
				107A660D5924B6B7D9DC74F3 /* matrix.h */,
				169CFC8FB8B914642BC27DA1 /* miniflann.hpp */,
				D8F3078BB20F30847B935254 /* nn_index.h */,
				6F4270C47E496B2949687E53 /* object_factory.h */,
				BE6E64B68F233F5D21602045 /* params.h */,
				AD2499AA82E48E241A587121 /* random.h */,
				4D420FD1A7018BA27BD9E3B5 /* result_set.h */,
				D8881FA48363709DA06733EB /* sampling.h */,
				2CE74E38D7D56DF6749611F9 /* saving.h */,
				769992C32EA0CD31BC7E6162 /* simplex_downhill.h */,
				7955AF25B6F62D3D3C4A6022 /* timer.h */,
			);
			name = flann;
			sourceTree = "<group>";
		};
		303E2D4AF80E80BD1FD5E5F6 /* detail */ = {
			isa = PBXGroup;
			children = (
				3936621EA91305DA43E45D6F /* autocalib.hpp */,
				981F5B2EAEE8B500C4352B93 /* blenders.hpp */,
				1E26153F7DCD684825EB1E20 /* camera.hpp */,
				B6D2A8DFAFAA3463B3432351 /* exposure_compensate.hpp */,
				E8097D88C9393B527B0FB07B /* matchers.hpp */,
				CEA84178D9DFCE4395DD5024 /* motion_estimators.hpp */,
				E1AC88B8E094A686A095D3AC /* seam_finders.hpp */,
				B0F46619541EE9F456173DE1 /* util.hpp */,
				B0E7686FAF5108191B6B3E29 /* util_inl.hpp */,
				B87735495C02AA89F1863D81 /* warpers.hpp */,
				2813C049CA25FA21112D1D8D /* warpers_inl.hpp */,
			);
			name = detail;
			sourceTree = "<group>";
		};
		38D119387412EF71F9FAA033 /* videostab */ = {
			isa = PBXGroup;
			children = (
				FA8CA3C7C98E3529E0AD425D /* deblurring.hpp */,
				A8215EC516B5F8128E24716C /* fast_marching.hpp */,
				C4FB29C8EFFE1D2EBD149360 /* fast_marching_inl.hpp */,
				23F4E6219B6DE08639927FCE /* frame_source.hpp */,
				268E23D1DD4B090BC5256C8F /* global_motion.hpp */,
				EEA6709748C078F813612386 /* inpainting.hpp */,
				7B20E61FC1398EB8EA71C721 /* log.hpp */,
				07783D908116475095F29CEA /* motion_stabilizing.hpp */,
				1EADCD758049EC4C487F04E9 /* optical_flow.hpp */,
				422F0EBBE6342C26C6AB25E7 /* stabilizer.hpp */,
				E1DC4B9E5967A2F0DF975FED /* videostab.hpp */,
			);
			name = videostab;
			sourceTree = "<group>";
		};
		3B8F70BFDA30BBA2A5A060FC /* photo */ = {
			isa = PBXGroup;
			children = (
				966701F118BC0947273C586A /* photo.hpp */,
				89AE43B5197BB6C0469F609B /* photo_c.h */,
			);
			name = photo;
			sourceTree = "<group>";
		};
		3E44059DCBC2444D65660B9C /* imgproc */ = {
			isa = PBXGroup;
			children = (
				13125B70A18045DDE470422B /* imgproc.hpp */,
				39003A33F05C6A50EB836F24 /* imgproc_c.h */,
				9DB5E146D2F32142D2B78671 /* types_c.h */,
			);
			name = imgproc;
			sourceTree = "<group>";
		};
		428EB732FD42504F37BCA78A /* calib3d */ = {
			isa = PBXGroup;
			children = (
				901754128005C45DF5A4A5EC /* calib3d.hpp */,
			);
			name = calib3d;
			sourceTree = "<group>";
		};
		5236346776DB8ECC4B121CA3 /* gpu */ = {
			isa = PBXGroup;
			children = (
				C830064088936DB0F1158554 /* device */,
				378CFA9C19980F8F33B02159 /* devmem2d.hpp */,
				BB6EAA5462E8EE6A732014C9 /* gpu.hpp */,
				3073BD87F0B0C88839E15D9B /* gpumat.hpp */,
				DF1FA589143B10E1DA1099A3 /* stream_accessor.hpp */,
			);
			name = gpu;
			sourceTree = "<group>";
		};
		6948EE371B920CB800B5AC1A /* local_addons */ = {
			isa = PBXGroup;
			children = (
			);
			name = local_addons;
			sourceTree = "<group>";
		};
		737B033AA777B67BA4F8F4D2 /* opencv */ = {
			isa = PBXGroup;
			children = (
				488BD744F12598078ECD7211 /* cv.h */,
				86F39FDBF33C6BE1497EAD5C /* cv.hpp */,
				E00997E94079115ECE171CCF /* cvaux.h */,
				C80836C83CA69F252C247216 /* cvaux.hpp */,
				B8109FEF4DC44323AB13D12F /* cvwimage.h */,
				047304E3DE218E33022A6F01 /* cxcore.h */,
				B5F31E7A905BFB4A389C227C /* cxcore.hpp */,
				60D6A435F3972D37284CB943 /* cxeigen.hpp */,
				994CDC4DC7A740D2A11195B3 /* cxmisc.h */,
				0251CD5AA99E9956286C7DFD /* highgui.h */,
				02A2482514173F637348C651 /* ml.h */,
			);
			name = opencv;
			sourceTree = "<group>";
		};
		7BC63C2C5B49F4CFBC87C288 /* nonfree */ = {
			isa = PBXGroup;
			children = (
				7A41EB474BEEE473AE68BE05 /* features2d.hpp */,
				A5CFB762196F445A6712D678 /* gpu.hpp */,
				9775092DF813025555FE1E1C /* nonfree.hpp */,
				F92614BE3BE525786E5950A7 /* ocl.hpp */,
			);
			name = nonfree;
			sourceTree = "<group>";
		};
		86FEC009E2721D0FB23338D7 /* features2d */ = {
			isa = PBXGroup;
			children = (
				0458B7F00C1DF3AEE7436346 /* features2d.hpp */,
			);
			name = features2d;
			sourceTree = "<group>";
		};
		961A625BD21068033782887C /* legacy */ = {
			isa = PBXGroup;
			children = (
				5D733CBC49E2563A7BA3DDB2 /* blobtrack.hpp */,
				33CA4523EF8D58AFC036B98F /* compat.hpp */,
				4A54EBCA88EC01A536C6BB09 /* legacy.hpp */,
				91E5DB04D0AFA70E3EE07DD3 /* streams.hpp */,
			);
			name = legacy;
			sourceTree = "<group>";
		};
		9C99831C330874C2B245AB48 /* highgui */ = {
			isa = PBXGroup;
			children = (
				7EF86966999E6242AC57AFFF /* cap_ios.h */,
				4DE65C8E6A42AAFFF22FC5EE /* highgui.hpp */,
				D60C8F61A3AF691C14BFDC9A /* highgui_c.h */,
				4E717DDEC4B268B4AEC43A65 /* ios.h */,
			);
			name = highgui;
			sourceTree = "<group>";
		};
		A0B90D3B0ADB9C1716816714 /* ofxOpenCv */ = {
			isa = PBXGroup;
			children = (
				C756CAAFD542831674E15FE6 /* src */,
				DCC60D6724B56635AE867535 /* libs */,
			);
			name = ofxOpenCv;
			sourceTree = "<group>";
		};
		A5A3A2F98919E2243C73199C /* core */ = {
			isa = PBXGroup;
			children = (
				803BB3489E275638D4392C3D /* affine.hpp */,
				0CFD40052224B877BAB428E1 /* core.hpp */,
				FE574E28F1023926C1ED7C6E /* core_c.h */,
				47175D082DC5970F4883C68E /* cuda_devptrs.hpp */,
				8220C3FA1A96AED02F8EE9BD /* devmem2d.hpp */,
				C31E92AE134E98CF805D26FC /* eigen.hpp */,
				E89765BD19FC456E6F993823 /* gpumat.hpp */,
				08A6FCC72AE412391D05983A /* internal.hpp */,
				CEB61257A76BB357E809EEAB /* mat.hpp */,
				AE9CA27A1BF9A83265EC2615 /* opengl_interop.hpp */,
				F35B37BB822A85CB983D9FAF /* opengl_interop_deprecated.hpp */,
				F2AA4C7F658E4741331FCA45 /* operations.hpp */,
				227416ABC7FF5A2DB6DFE386 /* types_c.h */,
				B50096871FB4D01025E009F8 /* version.hpp */,
				0CC8C9EDC363C9DF94B54050 /* wimage.hpp */,
			);
			name = core;
			sourceTree = "<group>";
		};
		AAA97F42C2FE4A31ECFD0585 /* opencv */ = {
			isa = PBXGroup;
			children = (
				F9F05170CB9BDF47DA2B6E6A /* include */,
			);
			name = opencv;
			sourceTree = "<group>";
		};
		AF43D9569510BEB0E2DFB944 /* stitching */ = {
			isa = PBXGroup;
			children = (
				303E2D4AF80E80BD1FD5E5F6 /* detail */,
				8FBA6773AD6242F92D07BC3B /* stitcher.hpp */,
				FA444121287B167AC9038B34 /* warpers.hpp */,
			);
			name = stitching;
			sourceTree = "<group>";
		};
		BB4B014C10F69532006C3DED /* addons */ = {
			isa = PBXGroup;
			children = (
				A0B90D3B0ADB9C1716816714 /* ofxOpenCv */,
			);
			name = addons;
			sourceTree = "<group>";
		};
		C58CC92A5283B95AA31D50FB /* video */ = {
			isa = PBXGroup;
			children = (
				A8DDE5FDB58AD291842C00B8 /* background_segm.hpp */,
				1010B3051C3E6F7D0854BBF8 /* tracking.hpp */,
				D1BD5D85C6D937AE12936305 /* video.hpp */,
			);
			name = video;
			sourceTree = "<group>";
		};
		C756CAAFD542831674E15FE6 /* src */ = {
			isa = PBXGroup;
			children = (
				C34D0F53A88778BE7970EF6A /* ofxCvBlob.h */,
				1EC62FBFA55C4818DADAFB96 /* ofxCvColorImage.cpp */,
				FF80A831A127691057D03D28 /* ofxCvColorImage.h */,
				3DF7347E917FC50340AA4DBE /* ofxCvConstants.h */,
				19A13FE661F8566FF44FAB17 /* ofxCvContourFinder.cpp */,
				B95F1D777AE32AC35D795125 /* ofxCvContourFinder.h */,
				5EEC312D45C1E991681D0D8F /* ofxCvFloatImage.cpp */,
				DE3750A126155445C5C168F1 /* ofxCvFloatImage.h */,
				FC2EA0CA278E13B168876B21 /* ofxCvGrayscaleImage.cpp */,
				5EF9D83AA793A77BA6D209A7 /* ofxCvGrayscaleImage.h */,
				87EEEA9FE89F918D5F84EF9B /* ofxCvHaarFinder.cpp */,
				5D8C7CA7F0DD448D89C0E22C /* ofxCvHaarFinder.h */,
				EB2F0AE0E2930CAAE5F0A6FF /* ofxCvImage.cpp */,
				7DF37BF0FF3269F78CCE1164 /* ofxCvImage.h */,
				56CEC5EC6DE8DD19406CE05B /* ofxCvShortImage.cpp */,
				B99BA1B818A58C246E7EB918 /* ofxCvShortImage.h */,
				EC34D2AF2733BAA98A7826FF /* ofxOpenCv.h */,
			);
			name = src;
			sourceTree = "<group>";
		};
		C830064088936DB0F1158554 /* device */ = {
			isa = PBXGroup;
			children = (
				0C9DF24B79DF5D620CA19EA6 /* block.hpp */,
				D671D5B27F5C2758F84E871C /* border_interpolate.hpp */,
				57F013843EA6ED5FD6541C5A /* color.hpp */,
				58A426CF503B4D7BA4088722 /* common.hpp */,
				9AB8E6BDAB49CC470673572D /* datamov_utils.hpp */,
				DF5D380A1A4583A1636503A6 /* detail */,
				89F2459D058F241309A5AC29 /* dynamic_smem.hpp */,
				9307B7301FDDF801D6A20809 /* emulation.hpp */,
				CF6D3DBF8ED72203BC764668 /* filters.hpp */,
				B28AE1E51F8BC569B2D8E1FE /* funcattrib.hpp */,
				53653F0C1540D6A5CAA12384 /* functional.hpp */,
				F03EAF2E14797411FBB67DE3 /* limits.hpp */,
				F5C50F8B4A43405242247766 /* reduce.hpp */,
				5EFA30630A3C099D5CEE5326 /* saturate_cast.hpp */,
				F4BA70DB0C2E1C0BCAAD5BD5 /* scan.hpp */,
				7566C5E0B3EF7C4BEB6BA82E /* simd_functions.hpp */,
				D967D5306F4E2AD2172BB461 /* static_check.hpp */,
				90092117E2694C489486857A /* transform.hpp */,
				9603EC154D5729C53CB10851 /* type_traits.hpp */,
				FCBC653D42AA509BB78A4E30 /* utility.hpp */,
				6335EADC94AD3899487E055E /* vec_distance.hpp */,
				75F433CC8B98FF4BED29DBC1 /* vec_math.hpp */,
				B1959FA82E372AB73F2CE8F6 /* vec_traits.hpp */,
				A2DFA93F51A225CD3CD34FAE /* warp.hpp */,
				EF40EF363479D04357061409 /* warp_reduce.hpp */,
				B16904E7BC723FB8A01F27BF /* warp_shuffle.hpp */,
			);
			name = device;
			sourceTree = "<group>";
		};
		D0CAFE48EE488EEED9149670 /* objdetect */ = {
			isa = PBXGroup;
			children = (
				34A64868096B9DA852BD0749 /* objdetect.hpp */,
			);
			name = objdetect;
			sourceTree = "<group>";
		};
		DCC60D6724B56635AE867535 /* libs */ = {
			isa = PBXGroup;
			children = (
				AAA97F42C2FE4A31ECFD0585 /* opencv */,
			);
			name = libs;
			sourceTree = "<group>";
		};
		DF5D380A1A4583A1636503A6 /* detail */ = {
			isa = PBXGroup;
			children = (
				B1150F78F5285D36CA8A78F3 /* color_detail.hpp */,
				6794F31C1253F325F7669D96 /* reduce.hpp */,
				C4E7E53FD09350F27F7C0AC2 /* reduce_key_val.hpp */,
				656309977AB4870E01BE4A0B /* transform_detail.hpp */,
				99253BEFF87278D24A0A1094 /* type_traits_detail.hpp */,
				AFDC06901BC073F229CFF2FC /* vec_distance_detail.hpp */,
			);
			name = detail;
			sourceTree = "<group>";
		};
		E4328144138ABC890047C5CB /* Products */ = {
			isa = PBXGroup;
			children = (
				E4328148138ABC890047C5CB /* openFrameworksDebug.a */,
			);
			name = Products;
			sourceTree = "<group>";
		};
		E4B69B4A0A3A1720003C02F2 = {
			isa = PBXGroup;
			children = (
				E4B6FCAD0C3E899E008CF71C /* openFrameworks-Info.plist */,
				E4EB6923138AFD0F00A09F29 /* Project.xcconfig */,
				E4B69E1C0A3A1BDC003C02F2 /* src */,
				E4EEC9E9138DF44700A80321 /* openFrameworks */,
				BB4B014C10F69532006C3DED /* addons */,
				6948EE371B920CB800B5AC1A /* local_addons */,
				E4B69B5B0A3A1756003C02F2 /* hand-drawing-testDebug.app */,
			);
			sourceTree = "<group>";
		};
		E4B69E1C0A3A1BDC003C02F2 /* src */ = {
			isa = PBXGroup;
			children = (
				E4B69E1D0A3A1BDC003C02F2 /* main.cpp */,
				E4B69E1E0A3A1BDC003C02F2 /* ofApp.cpp */,
				E4B69E1F0A3A1BDC003C02F2 /* ofApp.h */,
				AFD111F51E3C0B7E00B3A840 /* BlobTracker.cpp */,
				AFAF37381E3C09AD00383C58 /* BlobTracker.h */,
			);
			path = src;
			sourceTree = SOURCE_ROOT;
		};
		E4EEC9E9138DF44700A80321 /* openFrameworks */ = {
			isa = PBXGroup;
			children = (
				E4EB691F138AFCF100A09F29 /* CoreOF.xcconfig */,
				E4328143138ABC890047C5CB /* openFrameworksLib.xcodeproj */,
			);
			name = openFrameworks;
			sourceTree = "<group>";
		};
		ED977EFE7B82B0D53CB5C778 /* superres */ = {
			isa = PBXGroup;
			children = (
				CC7E531450BF7CFAB6724095 /* optical_flow.hpp */,
				993AEE145FBC52B43DA38F92 /* superres.hpp */,
			);
			name = superres;
			sourceTree = "<group>";
		};
		F9F05170CB9BDF47DA2B6E6A /* include */ = {
			isa = PBXGroup;
			children = (
				737B033AA777B67BA4F8F4D2 /* opencv */,
				0F07FE174552DEF007BF5AD5 /* opencv2 */,
			);
			name = include;
			sourceTree = "<group>";
		};
/* End PBXGroup section */

/* Begin PBXNativeTarget section */
		E4B69B5A0A3A1756003C02F2 /* hand-drawing-test */ = {
			isa = PBXNativeTarget;
			buildConfigurationList = E4B69B5F0A3A1757003C02F2 /* Build configuration list for PBXNativeTarget "hand-drawing-test" */;
			buildPhases = (
				E4B69B580A3A1756003C02F2 /* Sources */,
				E4B69B590A3A1756003C02F2 /* Frameworks */,
				E4B6FFFD0C3F9AB9008CF71C /* ShellScript */,
				E4C2427710CC5ABF004149E2 /* CopyFiles */,
			);
			buildRules = (
			);
			dependencies = (
				E4EEB9AC138B136A00A80321 /* PBXTargetDependency */,
			);
			name = "hand-drawing-test";
			productName = myOFApp;
			productReference = E4B69B5B0A3A1756003C02F2 /* hand-drawing-testDebug.app */;
			productType = "com.apple.product-type.application";
		};
/* End PBXNativeTarget section */

/* Begin PBXProject section */
		E4B69B4C0A3A1720003C02F2 /* Project object */ = {
			isa = PBXProject;
			attributes = {
				LastUpgradeCheck = 0600;
			};
			buildConfigurationList = E4B69B4D0A3A1720003C02F2 /* Build configuration list for PBXProject "hand-drawing-test" */;
			compatibilityVersion = "Xcode 3.2";
			developmentRegion = English;
			hasScannedForEncodings = 0;
			knownRegions = (
				English,
				Japanese,
				French,
				German,
			);
			mainGroup = E4B69B4A0A3A1720003C02F2;
			productRefGroup = E4B69B4A0A3A1720003C02F2;
			projectDirPath = "";
			projectReferences = (
				{
					ProductGroup = E4328144138ABC890047C5CB /* Products */;
					ProjectRef = E4328143138ABC890047C5CB /* openFrameworksLib.xcodeproj */;
				},
			);
			projectRoot = "";
			targets = (
				E4B69B5A0A3A1756003C02F2 /* hand-drawing-test */,
			);
		};
/* End PBXProject section */

/* Begin PBXReferenceProxy section */
		E4328148138ABC890047C5CB /* openFrameworksDebug.a */ = {
			isa = PBXReferenceProxy;
			fileType = archive.ar;
			path = openFrameworksDebug.a;
			remoteRef = E4328147138ABC890047C5CB /* PBXContainerItemProxy */;
			sourceTree = BUILT_PRODUCTS_DIR;
		};
/* End PBXReferenceProxy section */

/* Begin PBXShellScriptBuildPhase section */
		E4B6FFFD0C3F9AB9008CF71C /* ShellScript */ = {
			isa = PBXShellScriptBuildPhase;
			buildActionMask = 2147483647;
			files = (
			);
			inputPaths = (
			);
			outputPaths = (
			);
			runOnlyForDeploymentPostprocessing = 0;
			shellPath = /bin/sh;
			shellScript = "mkdir -p \"$TARGET_BUILD_DIR/$PRODUCT_NAME.app/Contents/Resources/\"\n# Copy default icon file into App/Resources\nrsync -aved \"$ICON_FILE\" \"$TARGET_BUILD_DIR/$PRODUCT_NAME.app/Contents/Resources/\"\n# Copy libfmod and change install directory for fmod to run\nrsync -aved ../../of_v0.9.8_osx_release/libs/fmodex/lib/osx/libfmodex.dylib \"$TARGET_BUILD_DIR/$PRODUCT_NAME.app/Contents/Frameworks/\";\ninstall_name_tool -change @executable_path/libfmodex.dylib @executable_path/../Frameworks/libfmodex.dylib \"$TARGET_BUILD_DIR/$PRODUCT_NAME.app/Contents/MacOS/$PRODUCT_NAME\";\n# Copy GLUT framework (must remove for AppStore submissions)\nrsync -aved ../../of_v0.9.8_osx_release/libs/glut/lib/osx/GLUT.framework \"$TARGET_BUILD_DIR/$PRODUCT_NAME.app/Contents/Frameworks/\"\n";
		};
/* End PBXShellScriptBuildPhase section */

/* Begin PBXSourcesBuildPhase section */
		E4B69B580A3A1756003C02F2 /* Sources */ = {
			isa = PBXSourcesBuildPhase;
			buildActionMask = 2147483647;
			files = (
				E4B69E200A3A1BDC003C02F2 /* main.cpp in Sources */,
				E4B69E210A3A1BDC003C02F2 /* ofApp.cpp in Sources */,
				92CEF03E3752C20089FF10AB /* ofxCvColorImage.cpp in Sources */,
				1FE6CB6212BB8A88B1A30320 /* ofxCvContourFinder.cpp in Sources */,
				7211D601E80E601F4C3918D2 /* ofxCvFloatImage.cpp in Sources */,
				AFD111F61E3C0B7E00B3A840 /* BlobTracker.cpp in Sources */,
				2F9F5E826969D3A20EDEABCA /* ofxCvGrayscaleImage.cpp in Sources */,
				C589C5360D72C7B0EF189599 /* ofxCvHaarFinder.cpp in Sources */,
				4C24C62E7721045B9C8ADB26 /* ofxCvImage.cpp in Sources */,
				B03C6563126B263C0D8A2876 /* ofxCvShortImage.cpp in Sources */,
			);
			runOnlyForDeploymentPostprocessing = 0;
		};
/* End PBXSourcesBuildPhase section */

/* Begin PBXTargetDependency section */
		E4EEB9AC138B136A00A80321 /* PBXTargetDependency */ = {
			isa = PBXTargetDependency;
			name = openFrameworks;
			targetProxy = E4EEB9AB138B136A00A80321 /* PBXContainerItemProxy */;
		};
/* End PBXTargetDependency section */

/* Begin XCBuildConfiguration section */
		E4B69B4E0A3A1720003C02F2 /* Debug */ = {
			isa = XCBuildConfiguration;
			baseConfigurationReference = E4EB6923138AFD0F00A09F29 /* Project.xcconfig */;
			buildSettings = {
				CONFIGURATION_BUILD_DIR = "$(SRCROOT)/bin/";
				COPY_PHASE_STRIP = NO;
				DEAD_CODE_STRIPPING = YES;
				GCC_AUTO_VECTORIZATION = YES;
				GCC_ENABLE_SSE3_EXTENSIONS = YES;
				GCC_ENABLE_SUPPLEMENTAL_SSE3_INSTRUCTIONS = YES;
				GCC_INLINES_ARE_PRIVATE_EXTERN = NO;
				GCC_OPTIMIZATION_LEVEL = 0;
				GCC_SYMBOLS_PRIVATE_EXTERN = NO;
				GCC_WARN_ABOUT_DEPRECATED_FUNCTIONS = YES;
				GCC_WARN_ABOUT_INVALID_OFFSETOF_MACRO = NO;
				GCC_WARN_ALLOW_INCOMPLETE_PROTOCOL = NO;
				GCC_WARN_UNINITIALIZED_AUTOS = NO;
				GCC_WARN_UNUSED_VALUE = NO;
				GCC_WARN_UNUSED_VARIABLE = NO;
				HEADER_SEARCH_PATHS = (
					"$(OF_CORE_HEADERS)",
					src,
					../../of_v0.9.8_osx_release/addons/ofxOpenCv/libs,
					../../of_v0.9.8_osx_release/addons/ofxOpenCv/libs/opencv,
					../../of_v0.9.8_osx_release/addons/ofxOpenCv/libs/opencv/include,
					../../of_v0.9.8_osx_release/addons/ofxOpenCv/libs/opencv/include/opencv,
					../../of_v0.9.8_osx_release/addons/ofxOpenCv/libs/opencv/include/opencv2,
					../../of_v0.9.8_osx_release/addons/ofxOpenCv/libs/opencv/include/opencv2/calib3d,
					../../of_v0.9.8_osx_release/addons/ofxOpenCv/libs/opencv/include/opencv2/contrib,
					../../of_v0.9.8_osx_release/addons/ofxOpenCv/libs/opencv/include/opencv2/core,
					../../of_v0.9.8_osx_release/addons/ofxOpenCv/libs/opencv/include/opencv2/features2d,
					../../of_v0.9.8_osx_release/addons/ofxOpenCv/libs/opencv/include/opencv2/flann,
					../../of_v0.9.8_osx_release/addons/ofxOpenCv/libs/opencv/include/opencv2/gpu,
					../../of_v0.9.8_osx_release/addons/ofxOpenCv/libs/opencv/include/opencv2/gpu/device,
					../../of_v0.9.8_osx_release/addons/ofxOpenCv/libs/opencv/include/opencv2/gpu/device/detail,
					../../of_v0.9.8_osx_release/addons/ofxOpenCv/libs/opencv/include/opencv2/highgui,
					../../of_v0.9.8_osx_release/addons/ofxOpenCv/libs/opencv/include/opencv2/imgproc,
					../../of_v0.9.8_osx_release/addons/ofxOpenCv/libs/opencv/include/opencv2/legacy,
					../../of_v0.9.8_osx_release/addons/ofxOpenCv/libs/opencv/include/opencv2/ml,
					../../of_v0.9.8_osx_release/addons/ofxOpenCv/libs/opencv/include/opencv2/nonfree,
					../../of_v0.9.8_osx_release/addons/ofxOpenCv/libs/opencv/include/opencv2/objdetect,
					../../of_v0.9.8_osx_release/addons/ofxOpenCv/libs/opencv/include/opencv2/photo,
					../../of_v0.9.8_osx_release/addons/ofxOpenCv/libs/opencv/include/opencv2/stitching,
					../../of_v0.9.8_osx_release/addons/ofxOpenCv/libs/opencv/include/opencv2/stitching/detail,
					../../of_v0.9.8_osx_release/addons/ofxOpenCv/libs/opencv/include/opencv2/superres,
					../../of_v0.9.8_osx_release/addons/ofxOpenCv/libs/opencv/include/opencv2/ts,
					../../of_v0.9.8_osx_release/addons/ofxOpenCv/libs/opencv/include/opencv2/video,
					../../of_v0.9.8_osx_release/addons/ofxOpenCv/libs/opencv/include/opencv2/videostab,
					../../of_v0.9.8_osx_release/addons/ofxOpenCv/libs/opencv/lib,
					../../of_v0.9.8_osx_release/addons/ofxOpenCv/libs/opencv/lib/emscripten,
					../../of_v0.9.8_osx_release/addons/ofxOpenCv/libs/opencv/lib/osx,
					../../of_v0.9.8_osx_release/addons/ofxOpenCv/libs/opencv/license,
					../../of_v0.9.8_osx_release/addons/ofxOpenCv/src,
				);
				MACOSX_DEPLOYMENT_TARGET = 10.8;
				ONLY_ACTIVE_ARCH = YES;
				OTHER_CPLUSPLUSFLAGS = (
					"-D__MACOSX_CORE__",
					"-mtune=native",
				);
				OTHER_LDFLAGS = (
					"$(OF_CORE_FRAMEWORKS)",
					"$(OF_CORE_LIBS)",
					../../of_v0.9.8_osx_release/addons/ofxOpenCv/libs/opencv/lib/osx/opencv.a,
				);
				SDKROOT = macosx;
			};
			name = Debug;
		};
		E4B69B4F0A3A1720003C02F2 /* Release */ = {
			isa = XCBuildConfiguration;
			baseConfigurationReference = E4EB6923138AFD0F00A09F29 /* Project.xcconfig */;
			buildSettings = {
				CONFIGURATION_BUILD_DIR = "$(SRCROOT)/bin/";
				COPY_PHASE_STRIP = YES;
				DEAD_CODE_STRIPPING = YES;
				GCC_AUTO_VECTORIZATION = YES;
				GCC_ENABLE_SSE3_EXTENSIONS = YES;
				GCC_ENABLE_SUPPLEMENTAL_SSE3_INSTRUCTIONS = YES;
				GCC_INLINES_ARE_PRIVATE_EXTERN = NO;
				GCC_OPTIMIZATION_LEVEL = 3;
				GCC_SYMBOLS_PRIVATE_EXTERN = NO;
				GCC_UNROLL_LOOPS = YES;
				GCC_WARN_ABOUT_DEPRECATED_FUNCTIONS = YES;
				GCC_WARN_ABOUT_INVALID_OFFSETOF_MACRO = NO;
				GCC_WARN_ALLOW_INCOMPLETE_PROTOCOL = NO;
				GCC_WARN_UNINITIALIZED_AUTOS = NO;
				GCC_WARN_UNUSED_VALUE = NO;
				GCC_WARN_UNUSED_VARIABLE = NO;
				HEADER_SEARCH_PATHS = (
					"$(OF_CORE_HEADERS)",
					src,
					../../of_v0.9.8_osx_release/addons/ofxOpenCv/libs,
					../../of_v0.9.8_osx_release/addons/ofxOpenCv/libs/opencv,
					../../of_v0.9.8_osx_release/addons/ofxOpenCv/libs/opencv/include,
					../../of_v0.9.8_osx_release/addons/ofxOpenCv/libs/opencv/include/opencv,
					../../of_v0.9.8_osx_release/addons/ofxOpenCv/libs/opencv/include/opencv2,
					../../of_v0.9.8_osx_release/addons/ofxOpenCv/libs/opencv/include/opencv2/calib3d,
					../../of_v0.9.8_osx_release/addons/ofxOpenCv/libs/opencv/include/opencv2/contrib,
					../../of_v0.9.8_osx_release/addons/ofxOpenCv/libs/opencv/include/opencv2/core,
					../../of_v0.9.8_osx_release/addons/ofxOpenCv/libs/opencv/include/opencv2/features2d,
					../../of_v0.9.8_osx_release/addons/ofxOpenCv/libs/opencv/include/opencv2/flann,
					../../of_v0.9.8_osx_release/addons/ofxOpenCv/libs/opencv/include/opencv2/gpu,
					../../of_v0.9.8_osx_release/addons/ofxOpenCv/libs/opencv/include/opencv2/gpu/device,
					../../of_v0.9.8_osx_release/addons/ofxOpenCv/libs/opencv/include/opencv2/gpu/device/detail,
					../../of_v0.9.8_osx_release/addons/ofxOpenCv/libs/opencv/include/opencv2/highgui,
					../../of_v0.9.8_osx_release/addons/ofxOpenCv/libs/opencv/include/opencv2/imgproc,
					../../of_v0.9.8_osx_release/addons/ofxOpenCv/libs/opencv/include/opencv2/legacy,
					../../of_v0.9.8_osx_release/addons/ofxOpenCv/libs/opencv/include/opencv2/ml,
					../../of_v0.9.8_osx_release/addons/ofxOpenCv/libs/opencv/include/opencv2/nonfree,
					../../of_v0.9.8_osx_release/addons/ofxOpenCv/libs/opencv/include/opencv2/objdetect,
					../../of_v0.9.8_osx_release/addons/ofxOpenCv/libs/opencv/include/opencv2/photo,
					../../of_v0.9.8_osx_release/addons/ofxOpenCv/libs/opencv/include/opencv2/stitching,
					../../of_v0.9.8_osx_release/addons/ofxOpenCv/libs/opencv/include/opencv2/stitching/detail,
					../../of_v0.9.8_osx_release/addons/ofxOpenCv/libs/opencv/include/opencv2/superres,
					../../of_v0.9.8_osx_release/addons/ofxOpenCv/libs/opencv/include/opencv2/ts,
					../../of_v0.9.8_osx_release/addons/ofxOpenCv/libs/opencv/include/opencv2/video,
					../../of_v0.9.8_osx_release/addons/ofxOpenCv/libs/opencv/include/opencv2/videostab,
					../../of_v0.9.8_osx_release/addons/ofxOpenCv/libs/opencv/lib,
					../../of_v0.9.8_osx_release/addons/ofxOpenCv/libs/opencv/lib/emscripten,
					../../of_v0.9.8_osx_release/addons/ofxOpenCv/libs/opencv/lib/osx,
					../../of_v0.9.8_osx_release/addons/ofxOpenCv/libs/opencv/license,
					../../of_v0.9.8_osx_release/addons/ofxOpenCv/src,
				);
				MACOSX_DEPLOYMENT_TARGET = 10.8;
				OTHER_CPLUSPLUSFLAGS = (
					"-D__MACOSX_CORE__",
					"-mtune=native",
				);
				OTHER_LDFLAGS = (
					"$(OF_CORE_FRAMEWORKS)",
					"$(OF_CORE_LIBS)",
					../../of_v0.9.8_osx_release/addons/ofxOpenCv/libs/opencv/lib/osx/opencv.a,
				);
				SDKROOT = macosx;
			};
			name = Release;
		};
		E4B69B600A3A1757003C02F2 /* Debug */ = {
			isa = XCBuildConfiguration;
			baseConfigurationReference = E4EB6923138AFD0F00A09F29 /* Project.xcconfig */;
			buildSettings = {
				COMBINE_HIDPI_IMAGES = YES;
				COPY_PHASE_STRIP = NO;
				FRAMEWORK_SEARCH_PATHS = (
					"$(inherited)",
					"$(FRAMEWORK_SEARCH_PATHS_QUOTED_FOR_TARGET_1)",
				);
				FRAMEWORK_SEARCH_PATHS_QUOTED_FOR_TARGET_1 = "\"$(SRCROOT)/../../of_v0.9.8_osx_release/libs/glut/lib/osx\"";
				GCC_DYNAMIC_NO_PIC = NO;
				GCC_GENERATE_DEBUGGING_SYMBOLS = YES;
				GCC_MODEL_TUNING = NONE;
				HEADER_SEARCH_PATHS = (
					"$(OF_CORE_HEADERS)",
					src,
					../../of_v0.9.8_osx_release/addons/ofxOpenCv/libs,
					../../of_v0.9.8_osx_release/addons/ofxOpenCv/libs/opencv,
					../../of_v0.9.8_osx_release/addons/ofxOpenCv/libs/opencv/include,
					../../of_v0.9.8_osx_release/addons/ofxOpenCv/libs/opencv/include/opencv,
					../../of_v0.9.8_osx_release/addons/ofxOpenCv/libs/opencv/include/opencv2,
					../../of_v0.9.8_osx_release/addons/ofxOpenCv/libs/opencv/include/opencv2/calib3d,
					../../of_v0.9.8_osx_release/addons/ofxOpenCv/libs/opencv/include/opencv2/contrib,
					../../of_v0.9.8_osx_release/addons/ofxOpenCv/libs/opencv/include/opencv2/core,
					../../of_v0.9.8_osx_release/addons/ofxOpenCv/libs/opencv/include/opencv2/features2d,
					../../of_v0.9.8_osx_release/addons/ofxOpenCv/libs/opencv/include/opencv2/flann,
					../../of_v0.9.8_osx_release/addons/ofxOpenCv/libs/opencv/include/opencv2/gpu,
					../../of_v0.9.8_osx_release/addons/ofxOpenCv/libs/opencv/include/opencv2/gpu/device,
					../../of_v0.9.8_osx_release/addons/ofxOpenCv/libs/opencv/include/opencv2/gpu/device/detail,
					../../of_v0.9.8_osx_release/addons/ofxOpenCv/libs/opencv/include/opencv2/highgui,
					../../of_v0.9.8_osx_release/addons/ofxOpenCv/libs/opencv/include/opencv2/imgproc,
					../../of_v0.9.8_osx_release/addons/ofxOpenCv/libs/opencv/include/opencv2/legacy,
					../../of_v0.9.8_osx_release/addons/ofxOpenCv/libs/opencv/include/opencv2/ml,
					../../of_v0.9.8_osx_release/addons/ofxOpenCv/libs/opencv/include/opencv2/nonfree,
					../../of_v0.9.8_osx_release/addons/ofxOpenCv/libs/opencv/include/opencv2/objdetect,
					../../of_v0.9.8_osx_release/addons/ofxOpenCv/libs/opencv/include/opencv2/photo,
					../../of_v0.9.8_osx_release/addons/ofxOpenCv/libs/opencv/include/opencv2/stitching,
					../../of_v0.9.8_osx_release/addons/ofxOpenCv/libs/opencv/include/opencv2/stitching/detail,
					../../of_v0.9.8_osx_release/addons/ofxOpenCv/libs/opencv/include/opencv2/superres,
					../../of_v0.9.8_osx_release/addons/ofxOpenCv/libs/opencv/include/opencv2/ts,
					../../of_v0.9.8_osx_release/addons/ofxOpenCv/libs/opencv/include/opencv2/video,
					../../of_v0.9.8_osx_release/addons/ofxOpenCv/libs/opencv/include/opencv2/videostab,
					../../of_v0.9.8_osx_release/addons/ofxOpenCv/libs/opencv/lib,
					../../of_v0.9.8_osx_release/addons/ofxOpenCv/libs/opencv/lib/emscripten,
					../../of_v0.9.8_osx_release/addons/ofxOpenCv/libs/opencv/lib/osx,
					../../of_v0.9.8_osx_release/addons/ofxOpenCv/libs/opencv/license,
					../../of_v0.9.8_osx_release/addons/ofxOpenCv/src,
				);
				ICON = "$(ICON_NAME_DEBUG)";
				ICON_FILE = "$(ICON_FILE_PATH)$(ICON)";
				INFOPLIST_FILE = "openFrameworks-Info.plist";
				INSTALL_PATH = /Applications;
				LIBRARY_SEARCH_PATHS = "$(inherited)";
				OTHER_LDFLAGS = (
					"$(OF_CORE_FRAMEWORKS)",
					"$(OF_CORE_LIBS)",
					../../of_v0.9.8_osx_release/addons/ofxOpenCv/libs/opencv/lib/osx/opencv.a,
				);
				PRODUCT_NAME = "$(TARGET_NAME)Debug";
				WRAPPER_EXTENSION = app;
			};
			name = Debug;
		};
		E4B69B610A3A1757003C02F2 /* Release */ = {
			isa = XCBuildConfiguration;
			baseConfigurationReference = E4EB6923138AFD0F00A09F29 /* Project.xcconfig */;
			buildSettings = {
				COMBINE_HIDPI_IMAGES = YES;
				COPY_PHASE_STRIP = YES;
				FRAMEWORK_SEARCH_PATHS = (
					"$(inherited)",
					"$(FRAMEWORK_SEARCH_PATHS_QUOTED_FOR_TARGET_1)",
				);
				FRAMEWORK_SEARCH_PATHS_QUOTED_FOR_TARGET_1 = "\"$(SRCROOT)/../../of_v0.9.8_osx_release/libs/glut/lib/osx\"";
				GCC_GENERATE_DEBUGGING_SYMBOLS = YES;
				GCC_MODEL_TUNING = NONE;
				HEADER_SEARCH_PATHS = (
					"$(OF_CORE_HEADERS)",
					src,
					../../of_v0.9.8_osx_release/addons/ofxOpenCv/libs,
					../../of_v0.9.8_osx_release/addons/ofxOpenCv/libs/opencv,
					../../of_v0.9.8_osx_release/addons/ofxOpenCv/libs/opencv/include,
					../../of_v0.9.8_osx_release/addons/ofxOpenCv/libs/opencv/include/opencv,
					../../of_v0.9.8_osx_release/addons/ofxOpenCv/libs/opencv/include/opencv2,
					../../of_v0.9.8_osx_release/addons/ofxOpenCv/libs/opencv/include/opencv2/calib3d,
					../../of_v0.9.8_osx_release/addons/ofxOpenCv/libs/opencv/include/opencv2/contrib,
					../../of_v0.9.8_osx_release/addons/ofxOpenCv/libs/opencv/include/opencv2/core,
					../../of_v0.9.8_osx_release/addons/ofxOpenCv/libs/opencv/include/opencv2/features2d,
					../../of_v0.9.8_osx_release/addons/ofxOpenCv/libs/opencv/include/opencv2/flann,
					../../of_v0.9.8_osx_release/addons/ofxOpenCv/libs/opencv/include/opencv2/gpu,
					../../of_v0.9.8_osx_release/addons/ofxOpenCv/libs/opencv/include/opencv2/gpu/device,
					../../of_v0.9.8_osx_release/addons/ofxOpenCv/libs/opencv/include/opencv2/gpu/device/detail,
					../../of_v0.9.8_osx_release/addons/ofxOpenCv/libs/opencv/include/opencv2/highgui,
					../../of_v0.9.8_osx_release/addons/ofxOpenCv/libs/opencv/include/opencv2/imgproc,
					../../of_v0.9.8_osx_release/addons/ofxOpenCv/libs/opencv/include/opencv2/legacy,
					../../of_v0.9.8_osx_release/addons/ofxOpenCv/libs/opencv/include/opencv2/ml,
					../../of_v0.9.8_osx_release/addons/ofxOpenCv/libs/opencv/include/opencv2/nonfree,
					../../of_v0.9.8_osx_release/addons/ofxOpenCv/libs/opencv/include/opencv2/objdetect,
					../../of_v0.9.8_osx_release/addons/ofxOpenCv/libs/opencv/include/opencv2/photo,
					../../of_v0.9.8_osx_release/addons/ofxOpenCv/libs/opencv/include/opencv2/stitching,
					../../of_v0.9.8_osx_release/addons/ofxOpenCv/libs/opencv/include/opencv2/stitching/detail,
					../../of_v0.9.8_osx_release/addons/ofxOpenCv/libs/opencv/include/opencv2/superres,
					../../of_v0.9.8_osx_release/addons/ofxOpenCv/libs/opencv/include/opencv2/ts,
					../../of_v0.9.8_osx_release/addons/ofxOpenCv/libs/opencv/include/opencv2/video,
					../../of_v0.9.8_osx_release/addons/ofxOpenCv/libs/opencv/include/opencv2/videostab,
					../../of_v0.9.8_osx_release/addons/ofxOpenCv/libs/opencv/lib,
					../../of_v0.9.8_osx_release/addons/ofxOpenCv/libs/opencv/lib/emscripten,
					../../of_v0.9.8_osx_release/addons/ofxOpenCv/libs/opencv/lib/osx,
					../../of_v0.9.8_osx_release/addons/ofxOpenCv/libs/opencv/license,
					../../of_v0.9.8_osx_release/addons/ofxOpenCv/src,
				);
				ICON = "$(ICON_NAME_RELEASE)";
				ICON_FILE = "$(ICON_FILE_PATH)$(ICON)";
				INFOPLIST_FILE = "openFrameworks-Info.plist";
				INSTALL_PATH = /Applications;
				LIBRARY_SEARCH_PATHS = "$(inherited)";
				OTHER_LDFLAGS = (
					"$(OF_CORE_FRAMEWORKS)",
					"$(OF_CORE_LIBS)",
					../../of_v0.9.8_osx_release/addons/ofxOpenCv/libs/opencv/lib/osx/opencv.a,
				);
				PRODUCT_NAME = "$(TARGET_NAME)";
				WRAPPER_EXTENSION = app;
				baseConfigurationReference = E4EB6923138AFD0F00A09F29;
			};
			name = Release;
		};
/* End XCBuildConfiguration section */

/* Begin XCConfigurationList section */
		E4B69B4D0A3A1720003C02F2 /* Build configuration list for PBXProject "hand-drawing-test" */ = {
			isa = XCConfigurationList;
			buildConfigurations = (
				E4B69B4E0A3A1720003C02F2 /* Debug */,
				E4B69B4F0A3A1720003C02F2 /* Release */,
			);
			defaultConfigurationIsVisible = 0;
			defaultConfigurationName = Release;
		};
		E4B69B5F0A3A1757003C02F2 /* Build configuration list for PBXNativeTarget "hand-drawing-test" */ = {
			isa = XCConfigurationList;
			buildConfigurations = (
				E4B69B600A3A1757003C02F2 /* Debug */,
				E4B69B610A3A1757003C02F2 /* Release */,
			);
			defaultConfigurationIsVisible = 0;
			defaultConfigurationName = Release;
		};
/* End XCConfigurationList section */
	};
	rootObject = E4B69B4C0A3A1720003C02F2 /* Project object */;
}
